// !$*UTF8*$!
{
	archiveVersion = 1;
	classes = {
	};
	objectVersion = 50;
	objects = {

/* Begin PBXBuildFile section */
		2C7A7C41250F2AE5001A8613 /* AltSwiftUI.framework in Frameworks */ = {isa = PBXBuildFile; fileRef = 2C7A7C37250F2AE5001A8613 /* AltSwiftUI.framework */; };
		2C7A7C46250F2AE5001A8613 /* AltSwiftUITests.swift in Sources */ = {isa = PBXBuildFile; fileRef = 2C7A7C45250F2AE5001A8613 /* AltSwiftUITests.swift */; };
		2C7A7C48250F2AE5001A8613 /* AltSwiftUI.h in Headers */ = {isa = PBXBuildFile; fileRef = 2C7A7C3A250F2AE5001A8613 /* AltSwiftUI.h */; settings = {ATTRIBUTES = (Public, ); }; };
		2C7A7C9F250F2B42001A8613 /* UIKitCompat.swift in Sources */ = {isa = PBXBuildFile; fileRef = 2C7A7C53250F2B42001A8613 /* UIKitCompat.swift */; };
		2C7A7CA0250F2B42001A8613 /* UIKitNavigationViews.swift in Sources */ = {isa = PBXBuildFile; fileRef = 2C7A7C55250F2B42001A8613 /* UIKitNavigationViews.swift */; };
		2C7A7CA1250F2B42001A8613 /* UIKitControls.swift in Sources */ = {isa = PBXBuildFile; fileRef = 2C7A7C56250F2B42001A8613 /* UIKitControls.swift */; };
		2C7A7CA2250F2B42001A8613 /* UIKitCoreViews.swift in Sources */ = {isa = PBXBuildFile; fileRef = 2C7A7C57250F2B42001A8613 /* UIKitCoreViews.swift */; };
		2C7A7CA3250F2B42001A8613 /* UIKitCollections.swift in Sources */ = {isa = PBXBuildFile; fileRef = 2C7A7C58250F2B42001A8613 /* UIKitCollections.swift */; };
		2C7A7CA4250F2B42001A8613 /* UIKitReadOnlyViews.swift in Sources */ = {isa = PBXBuildFile; fileRef = 2C7A7C59250F2B42001A8613 /* UIKitReadOnlyViews.swift */; };
		2C7A7CA5250F2B42001A8613 /* ViewEnvironment.swift in Sources */ = {isa = PBXBuildFile; fileRef = 2C7A7C5B250F2B42001A8613 /* ViewEnvironment.swift */; };
		2C7A7CA6250F2B42001A8613 /* ViewPropertyBuilder.swift in Sources */ = {isa = PBXBuildFile; fileRef = 2C7A7C5D250F2B42001A8613 /* ViewPropertyBuilder.swift */; };
		2C7A7CA7250F2B42001A8613 /* ViewPropertyGestureTypes.swift in Sources */ = {isa = PBXBuildFile; fileRef = 2C7A7C5F250F2B42001A8613 /* ViewPropertyGestureTypes.swift */; };
		2C7A7CA8250F2B42001A8613 /* ViewPropertyNavigationTypes.swift in Sources */ = {isa = PBXBuildFile; fileRef = 2C7A7C60250F2B42001A8613 /* ViewPropertyNavigationTypes.swift */; };
		2C7A7CA9250F2B42001A8613 /* ViewPropertyViewTypes.swift in Sources */ = {isa = PBXBuildFile; fileRef = 2C7A7C61250F2B42001A8613 /* ViewPropertyViewTypes.swift */; };
		2C7A7CAA250F2B42001A8613 /* ViewPropertyRenderingTypes.swift in Sources */ = {isa = PBXBuildFile; fileRef = 2C7A7C62250F2B42001A8613 /* ViewPropertyRenderingTypes.swift */; };
		2C7A7CAB250F2B42001A8613 /* ViewPropertyAnimationTypes.swift in Sources */ = {isa = PBXBuildFile; fileRef = 2C7A7C63250F2B42001A8613 /* ViewPropertyAnimationTypes.swift */; };
		2C7A7CAC250F2B42001A8613 /* ViewPropertyLayoutTypes.swift in Sources */ = {isa = PBXBuildFile; fileRef = 2C7A7C64250F2B42001A8613 /* ViewPropertyLayoutTypes.swift */; };
		2C7A7CAD250F2B42001A8613 /* ViewPropertyTransitionTypes.swift in Sources */ = {isa = PBXBuildFile; fileRef = 2C7A7C65250F2B42001A8613 /* ViewPropertyTransitionTypes.swift */; };
		2C7A7CAE250F2B42001A8613 /* ViewValues.swift in Sources */ = {isa = PBXBuildFile; fileRef = 2C7A7C66250F2B42001A8613 /* ViewValues.swift */; };
		2C7A7CAF250F2B42001A8613 /* ViewBuilder.swift in Sources */ = {isa = PBXBuildFile; fileRef = 2C7A7C67250F2B42001A8613 /* ViewBuilder.swift */; };
		2C7A7CB0250F2B42001A8613 /* CoreTypes.swift in Sources */ = {isa = PBXBuildFile; fileRef = 2C7A7C69250F2B42001A8613 /* CoreTypes.swift */; };
		2C7A7CB1250F2B42001A8613 /* StateTypes.swift in Sources */ = {isa = PBXBuildFile; fileRef = 2C7A7C6B250F2B42001A8613 /* StateTypes.swift */; };
		2C7A7CB2250F2B42001A8613 /* Binding.swift in Sources */ = {isa = PBXBuildFile; fileRef = 2C7A7C6C250F2B42001A8613 /* Binding.swift */; };
		2C7A7CB3250F2B42001A8613 /* Environment.swift in Sources */ = {isa = PBXBuildFile; fileRef = 2C7A7C6D250F2B42001A8613 /* Environment.swift */; };
		2C7A7CB4250F2B42001A8613 /* ObservableObject.swift in Sources */ = {isa = PBXBuildFile; fileRef = 2C7A7C6E250F2B42001A8613 /* ObservableObject.swift */; };
		2C7A7CB5250F2B42001A8613 /* State.swift in Sources */ = {isa = PBXBuildFile; fileRef = 2C7A7C6F250F2B42001A8613 /* State.swift */; };
		2C7A7CB6250F2B42001A8613 /* EnvironmentObject.swift in Sources */ = {isa = PBXBuildFile; fileRef = 2C7A7C70250F2B42001A8613 /* EnvironmentObject.swift */; };
		2C7A7CB7250F2B42001A8613 /* StateObject.swift in Sources */ = {isa = PBXBuildFile; fileRef = 2C7A7C71250F2B42001A8613 /* StateObject.swift */; };
		2C7A7CB8250F2B42001A8613 /* Published.swift in Sources */ = {isa = PBXBuildFile; fileRef = 2C7A7C72250F2B42001A8613 /* Published.swift */; };
		2C7A7CB9250F2B42001A8613 /* ObservedObject.swift in Sources */ = {isa = PBXBuildFile; fileRef = 2C7A7C73250F2B42001A8613 /* ObservedObject.swift */; };
		2C7A7CBA250F2B42001A8613 /* RPreviewProvider.swift in Sources */ = {isa = PBXBuildFile; fileRef = 2C7A7C75250F2B42001A8613 /* RPreviewProvider.swift */; };
		2C7A7CBB250F2B42001A8613 /* Picker.swift in Sources */ = {isa = PBXBuildFile; fileRef = 2C7A7C78250F2B42001A8613 /* Picker.swift */; };
		2C7A7CBC250F2B42001A8613 /* Spacer.swift in Sources */ = {isa = PBXBuildFile; fileRef = 2C7A7C79250F2B42001A8613 /* Spacer.swift */; };
		2C7A7CBD250F2B42001A8613 /* Image.swift in Sources */ = {isa = PBXBuildFile; fileRef = 2C7A7C7A250F2B42001A8613 /* Image.swift */; };
		2C7A7CBE250F2B42001A8613 /* Divider.swift in Sources */ = {isa = PBXBuildFile; fileRef = 2C7A7C7B250F2B42001A8613 /* Divider.swift */; };
		2C7A7CBF250F2B42001A8613 /* Text.swift in Sources */ = {isa = PBXBuildFile; fileRef = 2C7A7C7C250F2B42001A8613 /* Text.swift */; };
		2C7A7CC0250F2B42001A8613 /* Color.swift in Sources */ = {isa = PBXBuildFile; fileRef = 2C7A7C7D250F2B42001A8613 /* Color.swift */; };
		2C7A7CC1250F2B42001A8613 /* Rectangle.swift in Sources */ = {isa = PBXBuildFile; fileRef = 2C7A7C7E250F2B42001A8613 /* Rectangle.swift */; };
		2C7A7CC2250F2B42001A8613 /* GeometryReader.swift in Sources */ = {isa = PBXBuildFile; fileRef = 2C7A7C7F250F2B42001A8613 /* GeometryReader.swift */; };
		2C7A7CC3250F2B42001A8613 /* Toggle.swift in Sources */ = {isa = PBXBuildFile; fileRef = 2C7A7C81250F2B42001A8613 /* Toggle.swift */; };
		2C7A7CC4250F2B42001A8613 /* TextField.swift in Sources */ = {isa = PBXBuildFile; fileRef = 2C7A7C82250F2B42001A8613 /* TextField.swift */; };
		2C7A7CC5250F2B42001A8613 /* Slider.swift in Sources */ = {isa = PBXBuildFile; fileRef = 2C7A7C83250F2B42001A8613 /* Slider.swift */; };
		2C7A7CC6250F2B42001A8613 /* Button.swift in Sources */ = {isa = PBXBuildFile; fileRef = 2C7A7C84250F2B42001A8613 /* Button.swift */; };
		2C7A7CC7250F2B42001A8613 /* CoreViews.swift in Sources */ = {isa = PBXBuildFile; fileRef = 2C7A7C85250F2B42001A8613 /* CoreViews.swift */; };
		2C7A7CC8250F2B42001A8613 /* CollectionProtocols.swift in Sources */ = {isa = PBXBuildFile; fileRef = 2C7A7C87250F2B42001A8613 /* CollectionProtocols.swift */; };
		2C7A7CC9250F2B42001A8613 /* TabView.swift in Sources */ = {isa = PBXBuildFile; fileRef = 2C7A7C88250F2B42001A8613 /* TabView.swift */; };
		2C7A7CCA250F2B42001A8613 /* ViewCollectionIteration.swift in Sources */ = {isa = PBXBuildFile; fileRef = 2C7A7C89250F2B42001A8613 /* ViewCollectionIteration.swift */; };
		2C7A7CCB250F2B42001A8613 /* ZStack.swift in Sources */ = {isa = PBXBuildFile; fileRef = 2C7A7C8A250F2B42001A8613 /* ZStack.swift */; };
		2C7A7CCC250F2B42001A8613 /* ScrollView.swift in Sources */ = {isa = PBXBuildFile; fileRef = 2C7A7C8B250F2B42001A8613 /* ScrollView.swift */; };
		2C7A7CCD250F2B42001A8613 /* List.swift in Sources */ = {isa = PBXBuildFile; fileRef = 2C7A7C8C250F2B42001A8613 /* List.swift */; };
		2C7A7CCE250F2B42001A8613 /* Group.swift in Sources */ = {isa = PBXBuildFile; fileRef = 2C7A7C8D250F2B42001A8613 /* Group.swift */; };
		2C7A7CCF250F2B42001A8613 /* HStack.swift in Sources */ = {isa = PBXBuildFile; fileRef = 2C7A7C8E250F2B42001A8613 /* HStack.swift */; };
		2C7A7CD0250F2B42001A8613 /* VStack.swift in Sources */ = {isa = PBXBuildFile; fileRef = 2C7A7C8F250F2B42001A8613 /* VStack.swift */; };
		2C7A7CD1250F2B42001A8613 /* ForEach.swift in Sources */ = {isa = PBXBuildFile; fileRef = 2C7A7C90250F2B42001A8613 /* ForEach.swift */; };
		2C7A7CD2250F2B42001A8613 /* NavigationViews.swift in Sources */ = {isa = PBXBuildFile; fileRef = 2C7A7C91250F2B42001A8613 /* NavigationViews.swift */; };
		2C7A7CD3250F2B42001A8613 /* View.swift in Sources */ = {isa = PBXBuildFile; fileRef = 2C7A7C93250F2B42001A8613 /* View.swift */; };
		2C7A7CD4250F2B42001A8613 /* ViewBinder.swift in Sources */ = {isa = PBXBuildFile; fileRef = 2C7A7C94250F2B42001A8613 /* ViewBinder.swift */; };
		2C7A7CD5250F2B42001A8613 /* LayoutSolver.swift in Sources */ = {isa = PBXBuildFile; fileRef = 2C7A7C95250F2B42001A8613 /* LayoutSolver.swift */; };
		2C7A7CD6250F2B42001A8613 /* UIHostingController.swift in Sources */ = {isa = PBXBuildFile; fileRef = 2C7A7C96250F2B42001A8613 /* UIHostingController.swift */; };
		2C7A7CD7250F2B42001A8613 /* ScreenViewController.swift in Sources */ = {isa = PBXBuildFile; fileRef = 2C7A7C97250F2B42001A8613 /* ScreenViewController.swift */; };
		2C7A7CD8250F2B42001A8613 /* UIViewBuilder.swift in Sources */ = {isa = PBXBuildFile; fileRef = 2C7A7C98250F2B42001A8613 /* UIViewBuilder.swift */; };
		2C7A7CD9250F2B42001A8613 /* SwiftUIConstants.swift in Sources */ = {isa = PBXBuildFile; fileRef = 2C7A7C9A250F2B42001A8613 /* SwiftUIConstants.swift */; };
		2C7A7CDA250F2B42001A8613 /* FoundationExtensions.swift in Sources */ = {isa = PBXBuildFile; fileRef = 2C7A7C9C250F2B42001A8613 /* FoundationExtensions.swift */; };
		2C7A7CDB250F2B42001A8613 /* AutolayoutExtensions.swift in Sources */ = {isa = PBXBuildFile; fileRef = 2C7A7C9D250F2B42001A8613 /* AutolayoutExtensions.swift */; };
		2C7A7CDC250F2B42001A8613 /* UIApplicationExtensions.swift in Sources */ = {isa = PBXBuildFile; fileRef = 2C7A7C9E250F2B42001A8613 /* UIApplicationExtensions.swift */; };
/* End PBXBuildFile section */

/* Begin PBXContainerItemProxy section */
		2C7A7C42250F2AE5001A8613 /* PBXContainerItemProxy */ = {
			isa = PBXContainerItemProxy;
			containerPortal = 2C7A7C2E250F2AE5001A8613 /* Project object */;
			proxyType = 1;
			remoteGlobalIDString = 2C7A7C36250F2AE5001A8613;
			remoteInfo = AltSwiftUI;
		};
/* End PBXContainerItemProxy section */

/* Begin PBXFileReference section */
		2C7A7C37250F2AE5001A8613 /* AltSwiftUI.framework */ = {isa = PBXFileReference; explicitFileType = wrapper.framework; includeInIndex = 0; path = AltSwiftUI.framework; sourceTree = BUILT_PRODUCTS_DIR; };
		2C7A7C3A250F2AE5001A8613 /* AltSwiftUI.h */ = {isa = PBXFileReference; lastKnownFileType = sourcecode.c.h; path = AltSwiftUI.h; sourceTree = "<group>"; };
		2C7A7C3B250F2AE5001A8613 /* Info.plist */ = {isa = PBXFileReference; lastKnownFileType = text.plist.xml; path = Info.plist; sourceTree = "<group>"; };
		2C7A7C40250F2AE5001A8613 /* AltSwiftUITests.xctest */ = {isa = PBXFileReference; explicitFileType = wrapper.cfbundle; includeInIndex = 0; path = AltSwiftUITests.xctest; sourceTree = BUILT_PRODUCTS_DIR; };
		2C7A7C45250F2AE5001A8613 /* AltSwiftUITests.swift */ = {isa = PBXFileReference; lastKnownFileType = sourcecode.swift; path = AltSwiftUITests.swift; sourceTree = "<group>"; };
		2C7A7C47250F2AE5001A8613 /* Info.plist */ = {isa = PBXFileReference; lastKnownFileType = text.plist.xml; path = Info.plist; sourceTree = "<group>"; };
		2C7A7C53250F2B42001A8613 /* UIKitCompat.swift */ = {isa = PBXFileReference; fileEncoding = 4; lastKnownFileType = sourcecode.swift; path = UIKitCompat.swift; sourceTree = "<group>"; };
		2C7A7C55250F2B42001A8613 /* UIKitNavigationViews.swift */ = {isa = PBXFileReference; fileEncoding = 4; lastKnownFileType = sourcecode.swift; path = UIKitNavigationViews.swift; sourceTree = "<group>"; };
		2C7A7C56250F2B42001A8613 /* UIKitControls.swift */ = {isa = PBXFileReference; fileEncoding = 4; lastKnownFileType = sourcecode.swift; path = UIKitControls.swift; sourceTree = "<group>"; };
		2C7A7C57250F2B42001A8613 /* UIKitCoreViews.swift */ = {isa = PBXFileReference; fileEncoding = 4; lastKnownFileType = sourcecode.swift; path = UIKitCoreViews.swift; sourceTree = "<group>"; };
		2C7A7C58250F2B42001A8613 /* UIKitCollections.swift */ = {isa = PBXFileReference; fileEncoding = 4; lastKnownFileType = sourcecode.swift; path = UIKitCollections.swift; sourceTree = "<group>"; };
		2C7A7C59250F2B42001A8613 /* UIKitReadOnlyViews.swift */ = {isa = PBXFileReference; fileEncoding = 4; lastKnownFileType = sourcecode.swift; path = UIKitReadOnlyViews.swift; sourceTree = "<group>"; };
		2C7A7C5B250F2B42001A8613 /* ViewEnvironment.swift */ = {isa = PBXFileReference; fileEncoding = 4; lastKnownFileType = sourcecode.swift; path = ViewEnvironment.swift; sourceTree = "<group>"; };
		2C7A7C5D250F2B42001A8613 /* ViewPropertyBuilder.swift */ = {isa = PBXFileReference; fileEncoding = 4; lastKnownFileType = sourcecode.swift; path = ViewPropertyBuilder.swift; sourceTree = "<group>"; };
		2C7A7C5F250F2B42001A8613 /* ViewPropertyGestureTypes.swift */ = {isa = PBXFileReference; fileEncoding = 4; lastKnownFileType = sourcecode.swift; path = ViewPropertyGestureTypes.swift; sourceTree = "<group>"; };
		2C7A7C60250F2B42001A8613 /* ViewPropertyNavigationTypes.swift */ = {isa = PBXFileReference; fileEncoding = 4; lastKnownFileType = sourcecode.swift; path = ViewPropertyNavigationTypes.swift; sourceTree = "<group>"; };
		2C7A7C61250F2B42001A8613 /* ViewPropertyViewTypes.swift */ = {isa = PBXFileReference; fileEncoding = 4; lastKnownFileType = sourcecode.swift; path = ViewPropertyViewTypes.swift; sourceTree = "<group>"; };
		2C7A7C62250F2B42001A8613 /* ViewPropertyRenderingTypes.swift */ = {isa = PBXFileReference; fileEncoding = 4; lastKnownFileType = sourcecode.swift; path = ViewPropertyRenderingTypes.swift; sourceTree = "<group>"; };
		2C7A7C63250F2B42001A8613 /* ViewPropertyAnimationTypes.swift */ = {isa = PBXFileReference; fileEncoding = 4; lastKnownFileType = sourcecode.swift; path = ViewPropertyAnimationTypes.swift; sourceTree = "<group>"; };
		2C7A7C64250F2B42001A8613 /* ViewPropertyLayoutTypes.swift */ = {isa = PBXFileReference; fileEncoding = 4; lastKnownFileType = sourcecode.swift; path = ViewPropertyLayoutTypes.swift; sourceTree = "<group>"; };
		2C7A7C65250F2B42001A8613 /* ViewPropertyTransitionTypes.swift */ = {isa = PBXFileReference; fileEncoding = 4; lastKnownFileType = sourcecode.swift; path = ViewPropertyTransitionTypes.swift; sourceTree = "<group>"; };
		2C7A7C66250F2B42001A8613 /* ViewValues.swift */ = {isa = PBXFileReference; fileEncoding = 4; lastKnownFileType = sourcecode.swift; path = ViewValues.swift; sourceTree = "<group>"; };
		2C7A7C67250F2B42001A8613 /* ViewBuilder.swift */ = {isa = PBXFileReference; fileEncoding = 4; lastKnownFileType = sourcecode.swift; path = ViewBuilder.swift; sourceTree = "<group>"; };
		2C7A7C69250F2B42001A8613 /* CoreTypes.swift */ = {isa = PBXFileReference; fileEncoding = 4; lastKnownFileType = sourcecode.swift; path = CoreTypes.swift; sourceTree = "<group>"; };
		2C7A7C6B250F2B42001A8613 /* StateTypes.swift */ = {isa = PBXFileReference; fileEncoding = 4; lastKnownFileType = sourcecode.swift; path = StateTypes.swift; sourceTree = "<group>"; };
		2C7A7C6C250F2B42001A8613 /* Binding.swift */ = {isa = PBXFileReference; fileEncoding = 4; lastKnownFileType = sourcecode.swift; path = Binding.swift; sourceTree = "<group>"; };
		2C7A7C6D250F2B42001A8613 /* Environment.swift */ = {isa = PBXFileReference; fileEncoding = 4; lastKnownFileType = sourcecode.swift; path = Environment.swift; sourceTree = "<group>"; };
		2C7A7C6E250F2B42001A8613 /* ObservableObject.swift */ = {isa = PBXFileReference; fileEncoding = 4; lastKnownFileType = sourcecode.swift; path = ObservableObject.swift; sourceTree = "<group>"; };
		2C7A7C6F250F2B42001A8613 /* State.swift */ = {isa = PBXFileReference; fileEncoding = 4; lastKnownFileType = sourcecode.swift; path = State.swift; sourceTree = "<group>"; };
		2C7A7C70250F2B42001A8613 /* EnvironmentObject.swift */ = {isa = PBXFileReference; fileEncoding = 4; lastKnownFileType = sourcecode.swift; path = EnvironmentObject.swift; sourceTree = "<group>"; };
		2C7A7C71250F2B42001A8613 /* StateObject.swift */ = {isa = PBXFileReference; fileEncoding = 4; lastKnownFileType = sourcecode.swift; path = StateObject.swift; sourceTree = "<group>"; };
		2C7A7C72250F2B42001A8613 /* Published.swift */ = {isa = PBXFileReference; fileEncoding = 4; lastKnownFileType = sourcecode.swift; path = Published.swift; sourceTree = "<group>"; };
		2C7A7C73250F2B42001A8613 /* ObservedObject.swift */ = {isa = PBXFileReference; fileEncoding = 4; lastKnownFileType = sourcecode.swift; path = ObservedObject.swift; sourceTree = "<group>"; };
		2C7A7C75250F2B42001A8613 /* RPreviewProvider.swift */ = {isa = PBXFileReference; fileEncoding = 4; lastKnownFileType = sourcecode.swift; path = RPreviewProvider.swift; sourceTree = "<group>"; };
		2C7A7C78250F2B42001A8613 /* Picker.swift */ = {isa = PBXFileReference; fileEncoding = 4; lastKnownFileType = sourcecode.swift; path = Picker.swift; sourceTree = "<group>"; };
		2C7A7C79250F2B42001A8613 /* Spacer.swift */ = {isa = PBXFileReference; fileEncoding = 4; lastKnownFileType = sourcecode.swift; path = Spacer.swift; sourceTree = "<group>"; };
		2C7A7C7A250F2B42001A8613 /* Image.swift */ = {isa = PBXFileReference; fileEncoding = 4; lastKnownFileType = sourcecode.swift; path = Image.swift; sourceTree = "<group>"; };
		2C7A7C7B250F2B42001A8613 /* Divider.swift */ = {isa = PBXFileReference; fileEncoding = 4; lastKnownFileType = sourcecode.swift; path = Divider.swift; sourceTree = "<group>"; };
		2C7A7C7C250F2B42001A8613 /* Text.swift */ = {isa = PBXFileReference; fileEncoding = 4; lastKnownFileType = sourcecode.swift; path = Text.swift; sourceTree = "<group>"; };
		2C7A7C7D250F2B42001A8613 /* Color.swift */ = {isa = PBXFileReference; fileEncoding = 4; lastKnownFileType = sourcecode.swift; path = Color.swift; sourceTree = "<group>"; };
		2C7A7C7E250F2B42001A8613 /* Rectangle.swift */ = {isa = PBXFileReference; fileEncoding = 4; lastKnownFileType = sourcecode.swift; path = Rectangle.swift; sourceTree = "<group>"; };
		2C7A7C7F250F2B42001A8613 /* GeometryReader.swift */ = {isa = PBXFileReference; fileEncoding = 4; lastKnownFileType = sourcecode.swift; path = GeometryReader.swift; sourceTree = "<group>"; };
		2C7A7C81250F2B42001A8613 /* Toggle.swift */ = {isa = PBXFileReference; fileEncoding = 4; lastKnownFileType = sourcecode.swift; path = Toggle.swift; sourceTree = "<group>"; };
		2C7A7C82250F2B42001A8613 /* TextField.swift */ = {isa = PBXFileReference; fileEncoding = 4; lastKnownFileType = sourcecode.swift; path = TextField.swift; sourceTree = "<group>"; };
		2C7A7C83250F2B42001A8613 /* Slider.swift */ = {isa = PBXFileReference; fileEncoding = 4; lastKnownFileType = sourcecode.swift; path = Slider.swift; sourceTree = "<group>"; };
		2C7A7C84250F2B42001A8613 /* Button.swift */ = {isa = PBXFileReference; fileEncoding = 4; lastKnownFileType = sourcecode.swift; path = Button.swift; sourceTree = "<group>"; };
		2C7A7C85250F2B42001A8613 /* CoreViews.swift */ = {isa = PBXFileReference; fileEncoding = 4; lastKnownFileType = sourcecode.swift; path = CoreViews.swift; sourceTree = "<group>"; };
		2C7A7C87250F2B42001A8613 /* CollectionProtocols.swift */ = {isa = PBXFileReference; fileEncoding = 4; lastKnownFileType = sourcecode.swift; path = CollectionProtocols.swift; sourceTree = "<group>"; };
		2C7A7C88250F2B42001A8613 /* TabView.swift */ = {isa = PBXFileReference; fileEncoding = 4; lastKnownFileType = sourcecode.swift; path = TabView.swift; sourceTree = "<group>"; };
		2C7A7C89250F2B42001A8613 /* ViewCollectionIteration.swift */ = {isa = PBXFileReference; fileEncoding = 4; lastKnownFileType = sourcecode.swift; path = ViewCollectionIteration.swift; sourceTree = "<group>"; };
		2C7A7C8A250F2B42001A8613 /* ZStack.swift */ = {isa = PBXFileReference; fileEncoding = 4; lastKnownFileType = sourcecode.swift; path = ZStack.swift; sourceTree = "<group>"; };
		2C7A7C8B250F2B42001A8613 /* ScrollView.swift */ = {isa = PBXFileReference; fileEncoding = 4; lastKnownFileType = sourcecode.swift; path = ScrollView.swift; sourceTree = "<group>"; };
		2C7A7C8C250F2B42001A8613 /* List.swift */ = {isa = PBXFileReference; fileEncoding = 4; lastKnownFileType = sourcecode.swift; path = List.swift; sourceTree = "<group>"; };
		2C7A7C8D250F2B42001A8613 /* Group.swift */ = {isa = PBXFileReference; fileEncoding = 4; lastKnownFileType = sourcecode.swift; path = Group.swift; sourceTree = "<group>"; };
		2C7A7C8E250F2B42001A8613 /* HStack.swift */ = {isa = PBXFileReference; fileEncoding = 4; lastKnownFileType = sourcecode.swift; path = HStack.swift; sourceTree = "<group>"; };
		2C7A7C8F250F2B42001A8613 /* VStack.swift */ = {isa = PBXFileReference; fileEncoding = 4; lastKnownFileType = sourcecode.swift; path = VStack.swift; sourceTree = "<group>"; };
		2C7A7C90250F2B42001A8613 /* ForEach.swift */ = {isa = PBXFileReference; fileEncoding = 4; lastKnownFileType = sourcecode.swift; path = ForEach.swift; sourceTree = "<group>"; };
		2C7A7C91250F2B42001A8613 /* NavigationViews.swift */ = {isa = PBXFileReference; fileEncoding = 4; lastKnownFileType = sourcecode.swift; path = NavigationViews.swift; sourceTree = "<group>"; };
		2C7A7C93250F2B42001A8613 /* View.swift */ = {isa = PBXFileReference; fileEncoding = 4; lastKnownFileType = sourcecode.swift; path = View.swift; sourceTree = "<group>"; };
		2C7A7C94250F2B42001A8613 /* ViewBinder.swift */ = {isa = PBXFileReference; fileEncoding = 4; lastKnownFileType = sourcecode.swift; path = ViewBinder.swift; sourceTree = "<group>"; };
		2C7A7C95250F2B42001A8613 /* LayoutSolver.swift */ = {isa = PBXFileReference; fileEncoding = 4; lastKnownFileType = sourcecode.swift; path = LayoutSolver.swift; sourceTree = "<group>"; };
		2C7A7C96250F2B42001A8613 /* UIHostingController.swift */ = {isa = PBXFileReference; fileEncoding = 4; lastKnownFileType = sourcecode.swift; path = UIHostingController.swift; sourceTree = "<group>"; };
		2C7A7C97250F2B42001A8613 /* ScreenViewController.swift */ = {isa = PBXFileReference; fileEncoding = 4; lastKnownFileType = sourcecode.swift; path = ScreenViewController.swift; sourceTree = "<group>"; };
		2C7A7C98250F2B42001A8613 /* UIViewBuilder.swift */ = {isa = PBXFileReference; fileEncoding = 4; lastKnownFileType = sourcecode.swift; path = UIViewBuilder.swift; sourceTree = "<group>"; };
		2C7A7C9A250F2B42001A8613 /* SwiftUIConstants.swift */ = {isa = PBXFileReference; fileEncoding = 4; lastKnownFileType = sourcecode.swift; path = SwiftUIConstants.swift; sourceTree = "<group>"; };
		2C7A7C9C250F2B42001A8613 /* FoundationExtensions.swift */ = {isa = PBXFileReference; fileEncoding = 4; lastKnownFileType = sourcecode.swift; path = FoundationExtensions.swift; sourceTree = "<group>"; };
		2C7A7C9D250F2B42001A8613 /* AutolayoutExtensions.swift */ = {isa = PBXFileReference; fileEncoding = 4; lastKnownFileType = sourcecode.swift; path = AutolayoutExtensions.swift; sourceTree = "<group>"; };
		2C7A7C9E250F2B42001A8613 /* UIApplicationExtensions.swift */ = {isa = PBXFileReference; fileEncoding = 4; lastKnownFileType = sourcecode.swift; path = UIApplicationExtensions.swift; sourceTree = "<group>"; };
/* End PBXFileReference section */

/* Begin PBXFrameworksBuildPhase section */
		2C7A7C34250F2AE5001A8613 /* Frameworks */ = {
			isa = PBXFrameworksBuildPhase;
			buildActionMask = 2147483647;
			files = (
			);
			runOnlyForDeploymentPostprocessing = 0;
		};
		2C7A7C3D250F2AE5001A8613 /* Frameworks */ = {
			isa = PBXFrameworksBuildPhase;
			buildActionMask = 2147483647;
			files = (
				2C7A7C41250F2AE5001A8613 /* AltSwiftUI.framework in Frameworks */,
			);
			runOnlyForDeploymentPostprocessing = 0;
		};
/* End PBXFrameworksBuildPhase section */

/* Begin PBXGroup section */
		2C7A7C2D250F2AE5001A8613 = {
			isa = PBXGroup;
			children = (
				2C7A7C39250F2AE5001A8613 /* AltSwiftUI */,
				2C7A7C44250F2AE5001A8613 /* AltSwiftUITests */,
				2C7A7C38250F2AE5001A8613 /* Products */,
			);
			sourceTree = "<group>";
		};
		2C7A7C38250F2AE5001A8613 /* Products */ = {
			isa = PBXGroup;
			children = (
				2C7A7C37250F2AE5001A8613 /* AltSwiftUI.framework */,
				2C7A7C40250F2AE5001A8613 /* AltSwiftUITests.xctest */,
			);
			name = Products;
			sourceTree = "<group>";
		};
		2C7A7C39250F2AE5001A8613 /* AltSwiftUI */ = {
			isa = PBXGroup;
			children = (
				2C7A7C51250F2B21001A8613 /* Source */,
				2C7A7C3A250F2AE5001A8613 /* AltSwiftUI.h */,
				2C7A7C3B250F2AE5001A8613 /* Info.plist */,
			);
			path = AltSwiftUI;
			sourceTree = "<group>";
		};
		2C7A7C44250F2AE5001A8613 /* AltSwiftUITests */ = {
			isa = PBXGroup;
			children = (
				2C7A7C45250F2AE5001A8613 /* AltSwiftUITests.swift */,
				2C7A7C47250F2AE5001A8613 /* Info.plist */,
			);
			path = AltSwiftUITests;
			sourceTree = "<group>";
		};
		2C7A7C51250F2B21001A8613 /* Source */ = {
			isa = PBXGroup;
			children = (
				2C7A7C99250F2B42001A8613 /* Constants */,
				2C7A7C68250F2B42001A8613 /* CoreTypes */,
				2C7A7C92250F2B42001A8613 /* CoreUI */,
				2C7A7C9B250F2B42001A8613 /* Helpers */,
				2C7A7C74250F2B42001A8613 /* Previews */,
				2C7A7C6A250F2B42001A8613 /* State */,
				2C7A7C52250F2B42001A8613 /* UIKitCompat */,
				2C7A7C54250F2B42001A8613 /* UIKitViews */,
				2C7A7C5A250F2B42001A8613 /* ViewEnvironment */,
				2C7A7C5C250F2B42001A8613 /* ViewProperties */,
				2C7A7C76250F2B42001A8613 /* Views */,
			);
			path = Source;
			sourceTree = "<group>";
		};
		2C7A7C52250F2B42001A8613 /* UIKitCompat */ = {
			isa = PBXGroup;
			children = (
				2C7A7C53250F2B42001A8613 /* UIKitCompat.swift */,
			);
			path = UIKitCompat;
			sourceTree = "<group>";
		};
		2C7A7C54250F2B42001A8613 /* UIKitViews */ = {
			isa = PBXGroup;
			children = (
				2C7A7C55250F2B42001A8613 /* UIKitNavigationViews.swift */,
				2C7A7C56250F2B42001A8613 /* UIKitControls.swift */,
				2C7A7C57250F2B42001A8613 /* UIKitCoreViews.swift */,
				2C7A7C58250F2B42001A8613 /* UIKitCollections.swift */,
				2C7A7C59250F2B42001A8613 /* UIKitReadOnlyViews.swift */,
			);
			path = UIKitViews;
			sourceTree = "<group>";
		};
		2C7A7C5A250F2B42001A8613 /* ViewEnvironment */ = {
			isa = PBXGroup;
			children = (
				2C7A7C5B250F2B42001A8613 /* ViewEnvironment.swift */,
			);
			path = ViewEnvironment;
			sourceTree = "<group>";
		};
		2C7A7C5C250F2B42001A8613 /* ViewProperties */ = {
			isa = PBXGroup;
			children = (
				2C7A7C5D250F2B42001A8613 /* ViewPropertyBuilder.swift */,
				2C7A7C5E250F2B42001A8613 /* ViewPropertyTypes */,
				2C7A7C66250F2B42001A8613 /* ViewValues.swift */,
				2C7A7C67250F2B42001A8613 /* ViewBuilder.swift */,
			);
			path = ViewProperties;
			sourceTree = "<group>";
		};
		2C7A7C5E250F2B42001A8613 /* ViewPropertyTypes */ = {
			isa = PBXGroup;
			children = (
				2C7A7C5F250F2B42001A8613 /* ViewPropertyGestureTypes.swift */,
				2C7A7C60250F2B42001A8613 /* ViewPropertyNavigationTypes.swift */,
				2C7A7C61250F2B42001A8613 /* ViewPropertyViewTypes.swift */,
				2C7A7C62250F2B42001A8613 /* ViewPropertyRenderingTypes.swift */,
				2C7A7C63250F2B42001A8613 /* ViewPropertyAnimationTypes.swift */,
				2C7A7C64250F2B42001A8613 /* ViewPropertyLayoutTypes.swift */,
				2C7A7C65250F2B42001A8613 /* ViewPropertyTransitionTypes.swift */,
			);
			path = ViewPropertyTypes;
			sourceTree = "<group>";
		};
		2C7A7C68250F2B42001A8613 /* CoreTypes */ = {
			isa = PBXGroup;
			children = (
				2C7A7C69250F2B42001A8613 /* CoreTypes.swift */,
			);
			path = CoreTypes;
			sourceTree = "<group>";
		};
		2C7A7C6A250F2B42001A8613 /* State */ = {
			isa = PBXGroup;
			children = (
				2C7A7C6B250F2B42001A8613 /* StateTypes.swift */,
				2C7A7C6C250F2B42001A8613 /* Binding.swift */,
				2C7A7C6D250F2B42001A8613 /* Environment.swift */,
				2C7A7C6E250F2B42001A8613 /* ObservableObject.swift */,
				2C7A7C6F250F2B42001A8613 /* State.swift */,
				2C7A7C70250F2B42001A8613 /* EnvironmentObject.swift */,
				2C7A7C71250F2B42001A8613 /* StateObject.swift */,
				2C7A7C72250F2B42001A8613 /* Published.swift */,
				2C7A7C73250F2B42001A8613 /* ObservedObject.swift */,
			);
			path = State;
			sourceTree = "<group>";
		};
		2C7A7C74250F2B42001A8613 /* Previews */ = {
			isa = PBXGroup;
			children = (
				2C7A7C75250F2B42001A8613 /* RPreviewProvider.swift */,
			);
			path = Previews;
			sourceTree = "<group>";
		};
		2C7A7C76250F2B42001A8613 /* Views */ = {
			isa = PBXGroup;
			children = (
				2C7A7C77250F2B42001A8613 /* ReadOnly */,
				2C7A7C80250F2B42001A8613 /* Controls */,
				2C7A7C85250F2B42001A8613 /* CoreViews.swift */,
				2C7A7C86250F2B42001A8613 /* Collections */,
				2C7A7C91250F2B42001A8613 /* NavigationViews.swift */,
			);
			path = Views;
			sourceTree = "<group>";
		};
		2C7A7C77250F2B42001A8613 /* ReadOnly */ = {
			isa = PBXGroup;
			children = (
				2C7A7C78250F2B42001A8613 /* Picker.swift */,
				2C7A7C79250F2B42001A8613 /* Spacer.swift */,
				2C7A7C7A250F2B42001A8613 /* Image.swift */,
				2C7A7C7B250F2B42001A8613 /* Divider.swift */,
				2C7A7C7C250F2B42001A8613 /* Text.swift */,
				2C7A7C7D250F2B42001A8613 /* Color.swift */,
				2C7A7C7E250F2B42001A8613 /* Rectangle.swift */,
				2C7A7C7F250F2B42001A8613 /* GeometryReader.swift */,
			);
			path = ReadOnly;
			sourceTree = "<group>";
		};
		2C7A7C80250F2B42001A8613 /* Controls */ = {
			isa = PBXGroup;
			children = (
				2C7A7C81250F2B42001A8613 /* Toggle.swift */,
				2C7A7C82250F2B42001A8613 /* TextField.swift */,
				2C7A7C83250F2B42001A8613 /* Slider.swift */,
				2C7A7C84250F2B42001A8613 /* Button.swift */,
			);
			path = Controls;
			sourceTree = "<group>";
		};
		2C7A7C86250F2B42001A8613 /* Collections */ = {
			isa = PBXGroup;
			children = (
				2C7A7C87250F2B42001A8613 /* CollectionProtocols.swift */,
				2C7A7C88250F2B42001A8613 /* TabView.swift */,
				2C7A7C89250F2B42001A8613 /* ViewCollectionIteration.swift */,
				2C7A7C8A250F2B42001A8613 /* ZStack.swift */,
				2C7A7C8B250F2B42001A8613 /* ScrollView.swift */,
				2C7A7C8C250F2B42001A8613 /* List.swift */,
				2C7A7C8D250F2B42001A8613 /* Group.swift */,
				2C7A7C8E250F2B42001A8613 /* HStack.swift */,
				2C7A7C8F250F2B42001A8613 /* VStack.swift */,
				2C7A7C90250F2B42001A8613 /* ForEach.swift */,
			);
			path = Collections;
			sourceTree = "<group>";
		};
		2C7A7C92250F2B42001A8613 /* CoreUI */ = {
			isa = PBXGroup;
			children = (
				2C7A7C93250F2B42001A8613 /* View.swift */,
				2C7A7C94250F2B42001A8613 /* ViewBinder.swift */,
				2C7A7C95250F2B42001A8613 /* LayoutSolver.swift */,
				2C7A7C96250F2B42001A8613 /* UIHostingController.swift */,
				2C7A7C97250F2B42001A8613 /* ScreenViewController.swift */,
				2C7A7C98250F2B42001A8613 /* UIViewBuilder.swift */,
			);
			path = CoreUI;
			sourceTree = "<group>";
		};
		2C7A7C99250F2B42001A8613 /* Constants */ = {
			isa = PBXGroup;
			children = (
				2C7A7C9A250F2B42001A8613 /* SwiftUIConstants.swift */,
			);
			path = Constants;
			sourceTree = "<group>";
		};
		2C7A7C9B250F2B42001A8613 /* Helpers */ = {
			isa = PBXGroup;
			children = (
				2C7A7C9C250F2B42001A8613 /* FoundationExtensions.swift */,
				2C7A7C9D250F2B42001A8613 /* AutolayoutExtensions.swift */,
				2C7A7C9E250F2B42001A8613 /* UIApplicationExtensions.swift */,
			);
			path = Helpers;
			sourceTree = "<group>";
		};
/* End PBXGroup section */

/* Begin PBXHeadersBuildPhase section */
		2C7A7C32250F2AE5001A8613 /* Headers */ = {
			isa = PBXHeadersBuildPhase;
			buildActionMask = 2147483647;
			files = (
				2C7A7C48250F2AE5001A8613 /* AltSwiftUI.h in Headers */,
			);
			runOnlyForDeploymentPostprocessing = 0;
		};
/* End PBXHeadersBuildPhase section */

/* Begin PBXNativeTarget section */
		2C7A7C36250F2AE5001A8613 /* AltSwiftUI */ = {
			isa = PBXNativeTarget;
			buildConfigurationList = 2C7A7C4B250F2AE5001A8613 /* Build configuration list for PBXNativeTarget "AltSwiftUI" */;
			buildPhases = (
				2C7A7C32250F2AE5001A8613 /* Headers */,
				2C7A7C33250F2AE5001A8613 /* Sources */,
				2C7A7C34250F2AE5001A8613 /* Frameworks */,
				2C7A7C35250F2AE5001A8613 /* Resources */,
			);
			buildRules = (
			);
			dependencies = (
			);
			name = AltSwiftUI;
			productName = AltSwiftUI;
			productReference = 2C7A7C37250F2AE5001A8613 /* AltSwiftUI.framework */;
			productType = "com.apple.product-type.framework";
		};
		2C7A7C3F250F2AE5001A8613 /* AltSwiftUITests */ = {
			isa = PBXNativeTarget;
			buildConfigurationList = 2C7A7C4E250F2AE5001A8613 /* Build configuration list for PBXNativeTarget "AltSwiftUITests" */;
			buildPhases = (
				2C7A7C3C250F2AE5001A8613 /* Sources */,
				2C7A7C3D250F2AE5001A8613 /* Frameworks */,
				2C7A7C3E250F2AE5001A8613 /* Resources */,
			);
			buildRules = (
			);
			dependencies = (
				2C7A7C43250F2AE5001A8613 /* PBXTargetDependency */,
			);
			name = AltSwiftUITests;
			productName = AltSwiftUITests;
			productReference = 2C7A7C40250F2AE5001A8613 /* AltSwiftUITests.xctest */;
			productType = "com.apple.product-type.bundle.unit-test";
		};
/* End PBXNativeTarget section */

/* Begin PBXProject section */
		2C7A7C2E250F2AE5001A8613 /* Project object */ = {
			isa = PBXProject;
			attributes = {
				LastSwiftUpdateCheck = 1200;
				LastUpgradeCheck = 1200;
				TargetAttributes = {
					2C7A7C36250F2AE5001A8613 = {
						CreatedOnToolsVersion = 12.0;
					};
					2C7A7C3F250F2AE5001A8613 = {
						CreatedOnToolsVersion = 12.0;
					};
				};
			};
			buildConfigurationList = 2C7A7C31250F2AE5001A8613 /* Build configuration list for PBXProject "AltSwiftUI" */;
			compatibilityVersion = "Xcode 9.3";
			developmentRegion = en;
			hasScannedForEncodings = 0;
			knownRegions = (
				en,
				Base,
			);
			mainGroup = 2C7A7C2D250F2AE5001A8613;
			productRefGroup = 2C7A7C38250F2AE5001A8613 /* Products */;
			projectDirPath = "";
			projectRoot = "";
			targets = (
				2C7A7C36250F2AE5001A8613 /* AltSwiftUI */,
				2C7A7C3F250F2AE5001A8613 /* AltSwiftUITests */,
			);
		};
/* End PBXProject section */

/* Begin PBXResourcesBuildPhase section */
		2C7A7C35250F2AE5001A8613 /* Resources */ = {
			isa = PBXResourcesBuildPhase;
			buildActionMask = 2147483647;
			files = (
			);
			runOnlyForDeploymentPostprocessing = 0;
		};
		2C7A7C3E250F2AE5001A8613 /* Resources */ = {
			isa = PBXResourcesBuildPhase;
			buildActionMask = 2147483647;
			files = (
			);
			runOnlyForDeploymentPostprocessing = 0;
		};
/* End PBXResourcesBuildPhase section */

/* Begin PBXSourcesBuildPhase section */
		2C7A7C33250F2AE5001A8613 /* Sources */ = {
			isa = PBXSourcesBuildPhase;
			buildActionMask = 2147483647;
			files = (
				2C7A7CD8250F2B42001A8613 /* UIViewBuilder.swift in Sources */,
				2C7A7CA2250F2B42001A8613 /* UIKitCoreViews.swift in Sources */,
				2C7A7CBC250F2B42001A8613 /* Spacer.swift in Sources */,
				2C7A7CD6250F2B42001A8613 /* UIHostingController.swift in Sources */,
				2C7A7CBD250F2B42001A8613 /* Image.swift in Sources */,
				2C7A7CCE250F2B42001A8613 /* Group.swift in Sources */,
				2C7A7CCB250F2B42001A8613 /* ZStack.swift in Sources */,
				2C7A7CAD250F2B42001A8613 /* ViewPropertyTransitionTypes.swift in Sources */,
				2C7A7CB1250F2B42001A8613 /* StateTypes.swift in Sources */,
				2C7A7CD5250F2B42001A8613 /* LayoutSolver.swift in Sources */,
				2C7A7CA5250F2B42001A8613 /* ViewEnvironment.swift in Sources */,
				2C7A7CA7250F2B42001A8613 /* ViewPropertyGestureTypes.swift in Sources */,
				2C7A7CAB250F2B42001A8613 /* ViewPropertyAnimationTypes.swift in Sources */,
				2C7A7CAF250F2B42001A8613 /* ViewBuilder.swift in Sources */,
				2C7A7CB0250F2B42001A8613 /* CoreTypes.swift in Sources */,
				2C7A7CCC250F2B42001A8613 /* ScrollView.swift in Sources */,
				2C7A7CA3250F2B42001A8613 /* UIKitCollections.swift in Sources */,
				2C7A7CC8250F2B42001A8613 /* CollectionProtocols.swift in Sources */,
				2C7A7CC4250F2B42001A8613 /* TextField.swift in Sources */,
				2C7A7CC9250F2B42001A8613 /* TabView.swift in Sources */,
				2C7A7CB5250F2B42001A8613 /* State.swift in Sources */,
				2C7A7CAE250F2B42001A8613 /* ViewValues.swift in Sources */,
				2C7A7CB3250F2B42001A8613 /* Environment.swift in Sources */,
				2C7A7CC2250F2B42001A8613 /* GeometryReader.swift in Sources */,
				2C7A7CD9250F2B42001A8613 /* SwiftUIConstants.swift in Sources */,
				2C7A7CD3250F2B42001A8613 /* View.swift in Sources */,
				2C7A7CD1250F2B42001A8613 /* ForEach.swift in Sources */,
				2C7A7CCA250F2B42001A8613 /* ViewCollectionIteration.swift in Sources */,
				2C7A7CBA250F2B42001A8613 /* RPreviewProvider.swift in Sources */,
				2C7A7CBE250F2B42001A8613 /* Divider.swift in Sources */,
				2C7A7CBB250F2B42001A8613 /* Picker.swift in Sources */,
				2C7A7CA6250F2B42001A8613 /* ViewPropertyBuilder.swift in Sources */,
				2C7A7C9F250F2B42001A8613 /* UIKitCompat.swift in Sources */,
				2C7A7CB6250F2B42001A8613 /* EnvironmentObject.swift in Sources */,
				2C7A7CD4250F2B42001A8613 /* ViewBinder.swift in Sources */,
				2C7A7CC1250F2B42001A8613 /* Rectangle.swift in Sources */,
				2C7A7CD2250F2B42001A8613 /* NavigationViews.swift in Sources */,
				2C7A7CCD250F2B42001A8613 /* List.swift in Sources */,
				2C7A7CDC250F2B42001A8613 /* UIApplicationExtensions.swift in Sources */,
				2C7A7CAC250F2B42001A8613 /* ViewPropertyLayoutTypes.swift in Sources */,
				2C7A7CC0250F2B42001A8613 /* Color.swift in Sources */,
				2C7A7CC5250F2B42001A8613 /* Slider.swift in Sources */,
				2C7A7CD0250F2B42001A8613 /* VStack.swift in Sources */,
				2C7A7CA4250F2B42001A8613 /* UIKitReadOnlyViews.swift in Sources */,
				2C7A7CB4250F2B42001A8613 /* ObservableObject.swift in Sources */,
				2C7A7CC3250F2B42001A8613 /* Toggle.swift in Sources */,
				2C7A7CB8250F2B42001A8613 /* Published.swift in Sources */,
				2C7A7CB9250F2B42001A8613 /* ObservedObject.swift in Sources */,
				2C7A7CC7250F2B42001A8613 /* CoreViews.swift in Sources */,
				2C7A7CA9250F2B42001A8613 /* ViewPropertyViewTypes.swift in Sources */,
				2C7A7CAA250F2B42001A8613 /* ViewPropertyRenderingTypes.swift in Sources */,
				2C7A7CA8250F2B42001A8613 /* ViewPropertyNavigationTypes.swift in Sources */,
				2C7A7CA1250F2B42001A8613 /* UIKitControls.swift in Sources */,
				2C7A7CC6250F2B42001A8613 /* Button.swift in Sources */,
				2C7A7CB7250F2B42001A8613 /* StateObject.swift in Sources */,
				2C7A7CCF250F2B42001A8613 /* HStack.swift in Sources */,
				2C7A7CA0250F2B42001A8613 /* UIKitNavigationViews.swift in Sources */,
				2C7A7CDB250F2B42001A8613 /* AutolayoutExtensions.swift in Sources */,
				2C7A7CDA250F2B42001A8613 /* FoundationExtensions.swift in Sources */,
				2C7A7CBF250F2B42001A8613 /* Text.swift in Sources */,
				2C7A7CB2250F2B42001A8613 /* Binding.swift in Sources */,
				2C7A7CD7250F2B42001A8613 /* ScreenViewController.swift in Sources */,
			);
			runOnlyForDeploymentPostprocessing = 0;
		};
		2C7A7C3C250F2AE5001A8613 /* Sources */ = {
			isa = PBXSourcesBuildPhase;
			buildActionMask = 2147483647;
			files = (
				2C7A7C46250F2AE5001A8613 /* AltSwiftUITests.swift in Sources */,
			);
			runOnlyForDeploymentPostprocessing = 0;
		};
/* End PBXSourcesBuildPhase section */

/* Begin PBXTargetDependency section */
		2C7A7C43250F2AE5001A8613 /* PBXTargetDependency */ = {
			isa = PBXTargetDependency;
			target = 2C7A7C36250F2AE5001A8613 /* AltSwiftUI */;
			targetProxy = 2C7A7C42250F2AE5001A8613 /* PBXContainerItemProxy */;
		};
/* End PBXTargetDependency section */

/* Begin XCBuildConfiguration section */
		2C7A7C49250F2AE5001A8613 /* Debug */ = {
			isa = XCBuildConfiguration;
			buildSettings = {
				ALWAYS_SEARCH_USER_PATHS = NO;
				CLANG_ANALYZER_NONNULL = YES;
				CLANG_ANALYZER_NUMBER_OBJECT_CONVERSION = YES_AGGRESSIVE;
				CLANG_CXX_LANGUAGE_STANDARD = "gnu++14";
				CLANG_CXX_LIBRARY = "libc++";
				CLANG_ENABLE_MODULES = YES;
				CLANG_ENABLE_OBJC_ARC = YES;
				CLANG_ENABLE_OBJC_WEAK = YES;
				CLANG_WARN_BLOCK_CAPTURE_AUTORELEASING = YES;
				CLANG_WARN_BOOL_CONVERSION = YES;
				CLANG_WARN_COMMA = YES;
				CLANG_WARN_CONSTANT_CONVERSION = YES;
				CLANG_WARN_DEPRECATED_OBJC_IMPLEMENTATIONS = YES;
				CLANG_WARN_DIRECT_OBJC_ISA_USAGE = YES_ERROR;
				CLANG_WARN_DOCUMENTATION_COMMENTS = YES;
				CLANG_WARN_EMPTY_BODY = YES;
				CLANG_WARN_ENUM_CONVERSION = YES;
				CLANG_WARN_INFINITE_RECURSION = YES;
				CLANG_WARN_INT_CONVERSION = YES;
				CLANG_WARN_NON_LITERAL_NULL_CONVERSION = YES;
				CLANG_WARN_OBJC_IMPLICIT_RETAIN_SELF = YES;
				CLANG_WARN_OBJC_LITERAL_CONVERSION = YES;
				CLANG_WARN_OBJC_ROOT_CLASS = YES_ERROR;
				CLANG_WARN_QUOTED_INCLUDE_IN_FRAMEWORK_HEADER = YES;
				CLANG_WARN_RANGE_LOOP_ANALYSIS = YES;
				CLANG_WARN_STRICT_PROTOTYPES = YES;
				CLANG_WARN_SUSPICIOUS_MOVE = YES;
				CLANG_WARN_UNGUARDED_AVAILABILITY = YES_AGGRESSIVE;
				CLANG_WARN_UNREACHABLE_CODE = YES;
				CLANG_WARN__DUPLICATE_METHOD_MATCH = YES;
				COPY_PHASE_STRIP = NO;
				CURRENT_PROJECT_VERSION = 1;
				DEBUG_INFORMATION_FORMAT = dwarf;
				ENABLE_STRICT_OBJC_MSGSEND = YES;
				ENABLE_TESTABILITY = YES;
				GCC_C_LANGUAGE_STANDARD = gnu11;
				GCC_DYNAMIC_NO_PIC = NO;
				GCC_NO_COMMON_BLOCKS = YES;
				GCC_OPTIMIZATION_LEVEL = 0;
				GCC_PREPROCESSOR_DEFINITIONS = (
					"DEBUG=1",
					"$(inherited)",
				);
				GCC_WARN_64_TO_32_BIT_CONVERSION = YES;
				GCC_WARN_ABOUT_RETURN_TYPE = YES_ERROR;
				GCC_WARN_UNDECLARED_SELECTOR = YES;
				GCC_WARN_UNINITIALIZED_AUTOS = YES_AGGRESSIVE;
				GCC_WARN_UNUSED_FUNCTION = YES;
				GCC_WARN_UNUSED_VARIABLE = YES;
				IPHONEOS_DEPLOYMENT_TARGET = 11.0;
				MTL_ENABLE_DEBUG_INFO = INCLUDE_SOURCE;
				MTL_FAST_MATH = YES;
				ONLY_ACTIVE_ARCH = YES;
				SDKROOT = iphoneos;
				SWIFT_ACTIVE_COMPILATION_CONDITIONS = DEBUG;
				SWIFT_OPTIMIZATION_LEVEL = "-Onone";
				VERSIONING_SYSTEM = "apple-generic";
				VERSION_INFO_PREFIX = "";
			};
			name = Debug;
		};
		2C7A7C4A250F2AE5001A8613 /* Release */ = {
			isa = XCBuildConfiguration;
			buildSettings = {
				ALWAYS_SEARCH_USER_PATHS = NO;
				CLANG_ANALYZER_NONNULL = YES;
				CLANG_ANALYZER_NUMBER_OBJECT_CONVERSION = YES_AGGRESSIVE;
				CLANG_CXX_LANGUAGE_STANDARD = "gnu++14";
				CLANG_CXX_LIBRARY = "libc++";
				CLANG_ENABLE_MODULES = YES;
				CLANG_ENABLE_OBJC_ARC = YES;
				CLANG_ENABLE_OBJC_WEAK = YES;
				CLANG_WARN_BLOCK_CAPTURE_AUTORELEASING = YES;
				CLANG_WARN_BOOL_CONVERSION = YES;
				CLANG_WARN_COMMA = YES;
				CLANG_WARN_CONSTANT_CONVERSION = YES;
				CLANG_WARN_DEPRECATED_OBJC_IMPLEMENTATIONS = YES;
				CLANG_WARN_DIRECT_OBJC_ISA_USAGE = YES_ERROR;
				CLANG_WARN_DOCUMENTATION_COMMENTS = YES;
				CLANG_WARN_EMPTY_BODY = YES;
				CLANG_WARN_ENUM_CONVERSION = YES;
				CLANG_WARN_INFINITE_RECURSION = YES;
				CLANG_WARN_INT_CONVERSION = YES;
				CLANG_WARN_NON_LITERAL_NULL_CONVERSION = YES;
				CLANG_WARN_OBJC_IMPLICIT_RETAIN_SELF = YES;
				CLANG_WARN_OBJC_LITERAL_CONVERSION = YES;
				CLANG_WARN_OBJC_ROOT_CLASS = YES_ERROR;
				CLANG_WARN_QUOTED_INCLUDE_IN_FRAMEWORK_HEADER = YES;
				CLANG_WARN_RANGE_LOOP_ANALYSIS = YES;
				CLANG_WARN_STRICT_PROTOTYPES = YES;
				CLANG_WARN_SUSPICIOUS_MOVE = YES;
				CLANG_WARN_UNGUARDED_AVAILABILITY = YES_AGGRESSIVE;
				CLANG_WARN_UNREACHABLE_CODE = YES;
				CLANG_WARN__DUPLICATE_METHOD_MATCH = YES;
				COPY_PHASE_STRIP = NO;
				CURRENT_PROJECT_VERSION = 1;
				DEBUG_INFORMATION_FORMAT = "dwarf-with-dsym";
				ENABLE_NS_ASSERTIONS = NO;
				ENABLE_STRICT_OBJC_MSGSEND = YES;
				GCC_C_LANGUAGE_STANDARD = gnu11;
				GCC_NO_COMMON_BLOCKS = YES;
				GCC_WARN_64_TO_32_BIT_CONVERSION = YES;
				GCC_WARN_ABOUT_RETURN_TYPE = YES_ERROR;
				GCC_WARN_UNDECLARED_SELECTOR = YES;
				GCC_WARN_UNINITIALIZED_AUTOS = YES_AGGRESSIVE;
				GCC_WARN_UNUSED_FUNCTION = YES;
				GCC_WARN_UNUSED_VARIABLE = YES;
				IPHONEOS_DEPLOYMENT_TARGET = 11.0;
				MTL_ENABLE_DEBUG_INFO = NO;
				MTL_FAST_MATH = YES;
				SDKROOT = iphoneos;
				SWIFT_COMPILATION_MODE = wholemodule;
				SWIFT_OPTIMIZATION_LEVEL = "-O";
				VALIDATE_PRODUCT = YES;
				VERSIONING_SYSTEM = "apple-generic";
				VERSION_INFO_PREFIX = "";
			};
			name = Release;
		};
		2C7A7C4C250F2AE5001A8613 /* Debug */ = {
			isa = XCBuildConfiguration;
			buildSettings = {
				CODE_SIGN_STYLE = Automatic;
				DEFINES_MODULE = YES;
				DYLIB_COMPATIBILITY_VERSION = 1;
				DYLIB_CURRENT_VERSION = 1;
				DYLIB_INSTALL_NAME_BASE = "@rpath";
				INFOPLIST_FILE = AltSwiftUI/Info.plist;
				INSTALL_PATH = "$(LOCAL_LIBRARY_DIR)/Frameworks";
				LD_RUNPATH_SEARCH_PATHS = (
					"$(inherited)",
					"@executable_path/Frameworks",
					"@loader_path/Frameworks",
				);
				PRODUCT_BUNDLE_IDENTIFIER = com.rakuten.AltSwiftUI;
				PRODUCT_NAME = "$(TARGET_NAME:c99extidentifier)";
				SKIP_INSTALL = YES;
				SWIFT_VERSION = 5.0;
				TARGETED_DEVICE_FAMILY = "1,2";
			};
			name = Debug;
		};
		2C7A7C4D250F2AE5001A8613 /* Release */ = {
			isa = XCBuildConfiguration;
			buildSettings = {
				CODE_SIGN_STYLE = Automatic;
				DEFINES_MODULE = YES;
				DYLIB_COMPATIBILITY_VERSION = 1;
				DYLIB_CURRENT_VERSION = 1;
				DYLIB_INSTALL_NAME_BASE = "@rpath";
				INFOPLIST_FILE = AltSwiftUI/Info.plist;
				INSTALL_PATH = "$(LOCAL_LIBRARY_DIR)/Frameworks";
				LD_RUNPATH_SEARCH_PATHS = (
					"$(inherited)",
					"@executable_path/Frameworks",
					"@loader_path/Frameworks",
				);
				PRODUCT_BUNDLE_IDENTIFIER = com.rakuten.AltSwiftUI;
				PRODUCT_NAME = "$(TARGET_NAME:c99extidentifier)";
				SKIP_INSTALL = YES;
				SWIFT_VERSION = 5.0;
				TARGETED_DEVICE_FAMILY = "1,2";
			};
			name = Release;
		};
		2C7A7C4F250F2AE5001A8613 /* Debug */ = {
			isa = XCBuildConfiguration;
			buildSettings = {
				ALWAYS_EMBED_SWIFT_STANDARD_LIBRARIES = YES;
				CODE_SIGN_STYLE = Automatic;
				INFOPLIST_FILE = AltSwiftUITests/Info.plist;
				LD_RUNPATH_SEARCH_PATHS = (
					"$(inherited)",
					"@executable_path/Frameworks",
					"@loader_path/Frameworks",
				);
				PRODUCT_BUNDLE_IDENTIFIER = com.rakuten.AltSwiftUITests;
				PRODUCT_NAME = "$(TARGET_NAME)";
				SWIFT_VERSION = 5.0;
				TARGETED_DEVICE_FAMILY = "1,2";
			};
			name = Debug;
		};
		2C7A7C50250F2AE5001A8613 /* Release */ = {
			isa = XCBuildConfiguration;
			buildSettings = {
				ALWAYS_EMBED_SWIFT_STANDARD_LIBRARIES = YES;
				CODE_SIGN_STYLE = Automatic;
				INFOPLIST_FILE = AltSwiftUITests/Info.plist;
				LD_RUNPATH_SEARCH_PATHS = (
					"$(inherited)",
					"@executable_path/Frameworks",
					"@loader_path/Frameworks",
				);
				PRODUCT_BUNDLE_IDENTIFIER = com.rakuten.AltSwiftUITests;
				PRODUCT_NAME = "$(TARGET_NAME)";
				SWIFT_VERSION = 5.0;
				TARGETED_DEVICE_FAMILY = "1,2";
			};
			name = Release;
		};
/* End XCBuildConfiguration section */

/* Begin XCConfigurationList section */
		2C7A7C31250F2AE5001A8613 /* Build configuration list for PBXProject "AltSwiftUI" */ = {
			isa = XCConfigurationList;
			buildConfigurations = (
				2C7A7C49250F2AE5001A8613 /* Debug */,
				2C7A7C4A250F2AE5001A8613 /* Release */,
			);
			defaultConfigurationIsVisible = 0;
			defaultConfigurationName = Release;
		};
		2C7A7C4B250F2AE5001A8613 /* Build configuration list for PBXNativeTarget "AltSwiftUI" */ = {
			isa = XCConfigurationList;
			buildConfigurations = (
				2C7A7C4C250F2AE5001A8613 /* Debug */,
				2C7A7C4D250F2AE5001A8613 /* Release */,
			);
			defaultConfigurationIsVisible = 0;
			defaultConfigurationName = Release;
		};
		2C7A7C4E250F2AE5001A8613 /* Build configuration list for PBXNativeTarget "AltSwiftUITests" */ = {
			isa = XCConfigurationList;
			buildConfigurations = (
				2C7A7C4F250F2AE5001A8613 /* Debug */,
				2C7A7C50250F2AE5001A8613 /* Release */,
			);
			defaultConfigurationIsVisible = 0;
			defaultConfigurationName = Release;
		};
/* End XCConfigurationList section */
	};
	rootObject = 2C7A7C2E250F2AE5001A8613 /* Project object */;
}
