// !$*UTF8*$!
{
	archiveVersion = 1;
	classes = {
	};
	objectVersion = 50;
	objects = {

/* Begin PBXBuildFile section */
		2C0BE74C2521CEE800B37BA9 /* ListExampleView.swift in Sources */ = {isa = PBXBuildFile; fileRef = 2C0BE74B2521CEE800B37BA9 /* ListExampleView.swift */; };
		2C49E3CC2535382F00543E7D /* TextExampleView.swift in Sources */ = {isa = PBXBuildFile; fileRef = 2C49E3CB2535382F00543E7D /* TextExampleView.swift */; };
		2C74075E262833D600FF4380 /* ScrollViewTextFieldExample.swift in Sources */ = {isa = PBXBuildFile; fileRef = 2C74075D262833D600FF4380 /* ScrollViewTextFieldExample.swift */; };
		2C7407642628365100FF4380 /* ListTextFieldExampleView.swift in Sources */ = {isa = PBXBuildFile; fileRef = 2C7407632628365100FF4380 /* ListTextFieldExampleView.swift */; };
		2C83ED522554E50400C378DC /* NavigationExampleView.swift in Sources */ = {isa = PBXBuildFile; fileRef = 2C83ED512554E50400C378DC /* NavigationExampleView.swift */; };
		2C8E1731268187240061CCD0 /* LazyStackExampleView.swift in Sources */ = {isa = PBXBuildFile; fileRef = 2C8E1730268187240061CCD0 /* LazyStackExampleView.swift */; };
		2CADC30F251CA0DF00EA3F17 /* RamenExampleView.swift in Sources */ = {isa = PBXBuildFile; fileRef = 2CADC30E251CA0DF00EA3F17 /* RamenExampleView.swift */; };
		2CADC317251CA15400EA3F17 /* ShapesExampleView.swift in Sources */ = {isa = PBXBuildFile; fileRef = 2CADC316251CA15400EA3F17 /* ShapesExampleView.swift */; };
		2CD1A094251485CB00E2CCBA /* AltSwiftUI.framework in Frameworks */ = {isa = PBXBuildFile; fileRef = 2CD1A08D251485AC00E2CCBA /* AltSwiftUI.framework */; };
		2CD1A095251485CB00E2CCBA /* AltSwiftUI.framework in Embed Frameworks */ = {isa = PBXBuildFile; fileRef = 2CD1A08D251485AC00E2CCBA /* AltSwiftUI.framework */; settings = {ATTRIBUTES = (CodeSignOnCopy, RemoveHeadersOnCopy, ); }; };
		2CDCE7F325C40D2500BB52D1 /* StackUpdateExample.swift in Sources */ = {isa = PBXBuildFile; fileRef = 2CDCE7F225C40D2500BB52D1 /* StackUpdateExample.swift */; };
		2CE5E28B231398D70072F907 /* AppDelegate.swift in Sources */ = {isa = PBXBuildFile; fileRef = 2CE5E28A231398D70072F907 /* AppDelegate.swift */; };
		2CE5E28F231398D70072F907 /* ViewController.swift in Sources */ = {isa = PBXBuildFile; fileRef = 2CE5E28E231398D70072F907 /* ViewController.swift */; };
		2CE5E292231398D70072F907 /* Main.storyboard in Resources */ = {isa = PBXBuildFile; fileRef = 2CE5E290231398D70072F907 /* Main.storyboard */; };
		2CE5E294231398DA0072F907 /* Assets.xcassets in Resources */ = {isa = PBXBuildFile; fileRef = 2CE5E293231398DA0072F907 /* Assets.xcassets */; };
		2CE5E297231398DA0072F907 /* LaunchScreen.storyboard in Resources */ = {isa = PBXBuildFile; fileRef = 2CE5E295231398DA0072F907 /* LaunchScreen.storyboard */; };
		2CE5E2A2231398DA0072F907 /* AltSwiftUIExampleTests.swift in Sources */ = {isa = PBXBuildFile; fileRef = 2CE5E2A1231398DA0072F907 /* AltSwiftUIExampleTests.swift */; };
		2CE5E2AD231398DA0072F907 /* AltSwiftUIExampleUITests.swift in Sources */ = {isa = PBXBuildFile; fileRef = 2CE5E2AC231398DA0072F907 /* AltSwiftUIExampleUITests.swift */; };
		2CFE2AC025AD487800C925FC /* ScrollView2AxisExampleView.swift in Sources */ = {isa = PBXBuildFile; fileRef = 2CFE2ABF25AD487800C925FC /* ScrollView2AxisExampleView.swift */; };
		35D1A58825C7EDA100861DC4 /* AlertsExampleView.swift in Sources */ = {isa = PBXBuildFile; fileRef = 35D1A58525C7EDA100861DC4 /* AlertsExampleView.swift */; };
		3ED3C29525F9CE5700F0F602 /* TextFieldExampleView.swift in Sources */ = {isa = PBXBuildFile; fileRef = 3ED3C29425F9CE5700F0F602 /* TextFieldExampleView.swift */; };
		682C3A7C2594B18A005E798E /* SecureFieldExampleView.swift in Sources */ = {isa = PBXBuildFile; fileRef = 682C3A7B2594B18A005E798E /* SecureFieldExampleView.swift */; };
		7DEA1BE22668D23800FE86E0 /* PathExampleView.swift in Sources */ = {isa = PBXBuildFile; fileRef = 7DEA1BE12668D23800FE86E0 /* PathExampleView.swift */; };
		EACD577925EC689200FEF5A1 /* MenuExampleView.swift in Sources */ = {isa = PBXBuildFile; fileRef = EACD577825EC689200FEF5A1 /* MenuExampleView.swift */; };
/* End PBXBuildFile section */

/* Begin PBXContainerItemProxy section */
		2CD1A08C251485AC00E2CCBA /* PBXContainerItemProxy */ = {
			isa = PBXContainerItemProxy;
			containerPortal = 2CD1A087251485AC00E2CCBA /* AltSwiftUI.xcodeproj */;
			proxyType = 2;
			remoteGlobalIDString = 2C7A7C37250F2AE5001A8613;
			remoteInfo = AltSwiftUI;
		};
		2CD1A08E251485AC00E2CCBA /* PBXContainerItemProxy */ = {
			isa = PBXContainerItemProxy;
			containerPortal = 2CD1A087251485AC00E2CCBA /* AltSwiftUI.xcodeproj */;
			proxyType = 2;
			remoteGlobalIDString = 2C7A7C40250F2AE5001A8613;
			remoteInfo = AltSwiftUITests;
		};
		2CE5E29E231398DA0072F907 /* PBXContainerItemProxy */ = {
			isa = PBXContainerItemProxy;
			containerPortal = 2CE5E27F231398D70072F907 /* Project object */;
			proxyType = 1;
			remoteGlobalIDString = 2CE5E286231398D70072F907;
			remoteInfo = ios13test;
		};
		2CE5E2A9231398DA0072F907 /* PBXContainerItemProxy */ = {
			isa = PBXContainerItemProxy;
			containerPortal = 2CE5E27F231398D70072F907 /* Project object */;
			proxyType = 1;
			remoteGlobalIDString = 2CE5E286231398D70072F907;
			remoteInfo = ios13test;
		};
/* End PBXContainerItemProxy section */

/* Begin PBXCopyFilesBuildPhase section */
		2C7A7CFB250F2C4C001A8613 /* Embed Frameworks */ = {
			isa = PBXCopyFilesBuildPhase;
			buildActionMask = 2147483647;
			dstPath = "";
			dstSubfolderSpec = 10;
			files = (
				2CD1A095251485CB00E2CCBA /* AltSwiftUI.framework in Embed Frameworks */,
			);
			name = "Embed Frameworks";
			runOnlyForDeploymentPostprocessing = 0;
		};
/* End PBXCopyFilesBuildPhase section */

/* Begin PBXFileReference section */
		2C0BE74B2521CEE800B37BA9 /* ListExampleView.swift */ = {isa = PBXFileReference; lastKnownFileType = sourcecode.swift; path = ListExampleView.swift; sourceTree = "<group>"; };
		2C49E3CB2535382F00543E7D /* TextExampleView.swift */ = {isa = PBXFileReference; lastKnownFileType = sourcecode.swift; path = TextExampleView.swift; sourceTree = "<group>"; };
		2C74075D262833D600FF4380 /* ScrollViewTextFieldExample.swift */ = {isa = PBXFileReference; lastKnownFileType = sourcecode.swift; path = ScrollViewTextFieldExample.swift; sourceTree = "<group>"; };
		2C7407632628365100FF4380 /* ListTextFieldExampleView.swift */ = {isa = PBXFileReference; lastKnownFileType = sourcecode.swift; path = ListTextFieldExampleView.swift; sourceTree = "<group>"; };
		2C83ED512554E50400C378DC /* NavigationExampleView.swift */ = {isa = PBXFileReference; lastKnownFileType = sourcecode.swift; path = NavigationExampleView.swift; sourceTree = "<group>"; };
		2C8E1730268187240061CCD0 /* LazyStackExampleView.swift */ = {isa = PBXFileReference; lastKnownFileType = sourcecode.swift; path = LazyStackExampleView.swift; sourceTree = "<group>"; };
		2CADC30E251CA0DF00EA3F17 /* RamenExampleView.swift */ = {isa = PBXFileReference; lastKnownFileType = sourcecode.swift; path = RamenExampleView.swift; sourceTree = "<group>"; };
		2CADC316251CA15400EA3F17 /* ShapesExampleView.swift */ = {isa = PBXFileReference; lastKnownFileType = sourcecode.swift; path = ShapesExampleView.swift; sourceTree = "<group>"; };
		2CD1A087251485AC00E2CCBA /* AltSwiftUI.xcodeproj */ = {isa = PBXFileReference; lastKnownFileType = "wrapper.pb-project"; name = AltSwiftUI.xcodeproj; path = ../../AltSwiftUI.xcodeproj; sourceTree = "<group>"; };
		2CDCE7F225C40D2500BB52D1 /* StackUpdateExample.swift */ = {isa = PBXFileReference; lastKnownFileType = sourcecode.swift; path = StackUpdateExample.swift; sourceTree = "<group>"; };
		2CE5E287231398D70072F907 /* AltSwiftUIExample.app */ = {isa = PBXFileReference; explicitFileType = wrapper.application; includeInIndex = 0; path = AltSwiftUIExample.app; sourceTree = BUILT_PRODUCTS_DIR; };
		2CE5E28A231398D70072F907 /* AppDelegate.swift */ = {isa = PBXFileReference; lastKnownFileType = sourcecode.swift; path = AppDelegate.swift; sourceTree = "<group>"; };
		2CE5E28E231398D70072F907 /* ViewController.swift */ = {isa = PBXFileReference; lastKnownFileType = sourcecode.swift; path = ViewController.swift; sourceTree = "<group>"; };
		2CE5E291231398D70072F907 /* Base */ = {isa = PBXFileReference; lastKnownFileType = file.storyboard; name = Base; path = Base.lproj/Main.storyboard; sourceTree = "<group>"; };
		2CE5E293231398DA0072F907 /* Assets.xcassets */ = {isa = PBXFileReference; lastKnownFileType = folder.assetcatalog; path = Assets.xcassets; sourceTree = "<group>"; };
		2CE5E296231398DA0072F907 /* Base */ = {isa = PBXFileReference; lastKnownFileType = file.storyboard; name = Base; path = Base.lproj/LaunchScreen.storyboard; sourceTree = "<group>"; };
		2CE5E298231398DA0072F907 /* Info.plist */ = {isa = PBXFileReference; lastKnownFileType = text.plist.xml; path = Info.plist; sourceTree = "<group>"; };
		2CE5E29D231398DA0072F907 /* AltSwiftUIExampleTests.xctest */ = {isa = PBXFileReference; explicitFileType = wrapper.cfbundle; includeInIndex = 0; path = AltSwiftUIExampleTests.xctest; sourceTree = BUILT_PRODUCTS_DIR; };
		2CE5E2A1231398DA0072F907 /* AltSwiftUIExampleTests.swift */ = {isa = PBXFileReference; lastKnownFileType = sourcecode.swift; path = AltSwiftUIExampleTests.swift; sourceTree = "<group>"; };
		2CE5E2A3231398DA0072F907 /* Info.plist */ = {isa = PBXFileReference; lastKnownFileType = text.plist.xml; path = Info.plist; sourceTree = "<group>"; };
		2CE5E2A8231398DA0072F907 /* AltSwiftUIExampleUITests.xctest */ = {isa = PBXFileReference; explicitFileType = wrapper.cfbundle; includeInIndex = 0; path = AltSwiftUIExampleUITests.xctest; sourceTree = BUILT_PRODUCTS_DIR; };
		2CE5E2AC231398DA0072F907 /* AltSwiftUIExampleUITests.swift */ = {isa = PBXFileReference; lastKnownFileType = sourcecode.swift; path = AltSwiftUIExampleUITests.swift; sourceTree = "<group>"; };
		2CE5E2AE231398DA0072F907 /* Info.plist */ = {isa = PBXFileReference; lastKnownFileType = text.plist.xml; path = Info.plist; sourceTree = "<group>"; };
		2CFE2ABF25AD487800C925FC /* ScrollView2AxisExampleView.swift */ = {isa = PBXFileReference; lastKnownFileType = sourcecode.swift; path = ScrollView2AxisExampleView.swift; sourceTree = "<group>"; };
		35D1A58525C7EDA100861DC4 /* AlertsExampleView.swift */ = {isa = PBXFileReference; fileEncoding = 4; lastKnownFileType = sourcecode.swift; path = AlertsExampleView.swift; sourceTree = "<group>"; };
		3ED3C29425F9CE5700F0F602 /* TextFieldExampleView.swift */ = {isa = PBXFileReference; lastKnownFileType = sourcecode.swift; path = TextFieldExampleView.swift; sourceTree = "<group>"; };
		682C3A7B2594B18A005E798E /* SecureFieldExampleView.swift */ = {isa = PBXFileReference; lastKnownFileType = sourcecode.swift; path = SecureFieldExampleView.swift; sourceTree = "<group>"; };
		7DEA1BE12668D23800FE86E0 /* PathExampleView.swift */ = {isa = PBXFileReference; lastKnownFileType = sourcecode.swift; path = PathExampleView.swift; sourceTree = "<group>"; };
		EACD577825EC689200FEF5A1 /* MenuExampleView.swift */ = {isa = PBXFileReference; lastKnownFileType = sourcecode.swift; path = MenuExampleView.swift; sourceTree = "<group>"; };
/* End PBXFileReference section */

/* Begin PBXFrameworksBuildPhase section */
		2CE5E284231398D70072F907 /* Frameworks */ = {
			isa = PBXFrameworksBuildPhase;
			buildActionMask = 2147483647;
			files = (
				2CD1A094251485CB00E2CCBA /* AltSwiftUI.framework in Frameworks */,
			);
			runOnlyForDeploymentPostprocessing = 0;
		};
		2CE5E29A231398DA0072F907 /* Frameworks */ = {
			isa = PBXFrameworksBuildPhase;
			buildActionMask = 2147483647;
			files = (
			);
			runOnlyForDeploymentPostprocessing = 0;
		};
		2CE5E2A5231398DA0072F907 /* Frameworks */ = {
			isa = PBXFrameworksBuildPhase;
			buildActionMask = 2147483647;
			files = (
			);
			runOnlyForDeploymentPostprocessing = 0;
		};
/* End PBXFrameworksBuildPhase section */

/* Begin PBXGroup section */
		2C7A7CF8250F2C4C001A8613 /* Frameworks */ = {
			isa = PBXGroup;
			children = (
			);
			name = Frameworks;
			sourceTree = "<group>";
		};
		2CADC30B251CA0C900EA3F17 /* ExampleViews */ = {
			isa = PBXGroup;
			children = (
				35D1A58525C7EDA100861DC4 /* AlertsExampleView.swift */,
				2C0BE74B2521CEE800B37BA9 /* ListExampleView.swift */,
				2C7407632628365100FF4380 /* ListTextFieldExampleView.swift */,
				EACD577825EC689200FEF5A1 /* MenuExampleView.swift */,
				2C83ED512554E50400C378DC /* NavigationExampleView.swift */,
				2CADC30E251CA0DF00EA3F17 /* RamenExampleView.swift */,
				2CFE2ABF25AD487800C925FC /* ScrollView2AxisExampleView.swift */,
				2C74075D262833D600FF4380 /* ScrollViewTextFieldExample.swift */,
				682C3A7B2594B18A005E798E /* SecureFieldExampleView.swift */,
				2CADC316251CA15400EA3F17 /* ShapesExampleView.swift */,
				7DEA1BE12668D23800FE86E0 /* PathExampleView.swift */,
				2CDCE7F225C40D2500BB52D1 /* StackUpdateExample.swift */,
				2C49E3CB2535382F00543E7D /* TextExampleView.swift */,
				3ED3C29425F9CE5700F0F602 /* TextFieldExampleView.swift */,
				2C8E1730268187240061CCD0 /* LazyStackExampleView.swift */,
			);
			path = ExampleViews;
			sourceTree = "<group>";
		};
		2CD1A088251485AC00E2CCBA /* Products */ = {
			isa = PBXGroup;
			children = (
				2CD1A08D251485AC00E2CCBA /* AltSwiftUI.framework */,
				2CD1A08F251485AC00E2CCBA /* AltSwiftUITests.xctest */,
			);
			name = Products;
			sourceTree = "<group>";
		};
		2CE5E27E231398D70072F907 = {
			isa = PBXGroup;
			children = (
				2CE5E289231398D70072F907 /* AltSwiftUIExample */,
				2CE5E2A0231398DA0072F907 /* AltSwiftUIExampleTests */,
				2CE5E2AB231398DA0072F907 /* AltSwiftUIExampleUITests */,
				2CE5E288231398D70072F907 /* Products */,
				2C7A7CF8250F2C4C001A8613 /* Frameworks */,
			);
			sourceTree = "<group>";
		};
		2CE5E288231398D70072F907 /* Products */ = {
			isa = PBXGroup;
			children = (
				2CE5E287231398D70072F907 /* AltSwiftUIExample.app */,
				2CE5E29D231398DA0072F907 /* AltSwiftUIExampleTests.xctest */,
				2CE5E2A8231398DA0072F907 /* AltSwiftUIExampleUITests.xctest */,
			);
			name = Products;
			sourceTree = "<group>";
		};
		2CE5E289231398D70072F907 /* AltSwiftUIExample */ = {
			isa = PBXGroup;
			children = (
				2CADC30B251CA0C900EA3F17 /* ExampleViews */,
				2CE5E28A231398D70072F907 /* AppDelegate.swift */,
				2CE5E28E231398D70072F907 /* ViewController.swift */,
				2CD1A087251485AC00E2CCBA /* AltSwiftUI.xcodeproj */,
				2CE5E293231398DA0072F907 /* Assets.xcassets */,
				2CE5E298231398DA0072F907 /* Info.plist */,
				2CE5E295231398DA0072F907 /* LaunchScreen.storyboard */,
				2CE5E290231398D70072F907 /* Main.storyboard */,
			);
			path = AltSwiftUIExample;
			sourceTree = "<group>";
		};
		2CE5E2A0231398DA0072F907 /* AltSwiftUIExampleTests */ = {
			isa = PBXGroup;
			children = (
				2CE5E2A1231398DA0072F907 /* AltSwiftUIExampleTests.swift */,
				2CE5E2A3231398DA0072F907 /* Info.plist */,
			);
			path = AltSwiftUIExampleTests;
			sourceTree = "<group>";
		};
		2CE5E2AB231398DA0072F907 /* AltSwiftUIExampleUITests */ = {
			isa = PBXGroup;
			children = (
				2CE5E2AC231398DA0072F907 /* AltSwiftUIExampleUITests.swift */,
				2CE5E2AE231398DA0072F907 /* Info.plist */,
			);
			path = AltSwiftUIExampleUITests;
			sourceTree = "<group>";
		};
/* End PBXGroup section */

/* Begin PBXNativeTarget section */
		2CE5E286231398D70072F907 /* AltSwiftUIExample */ = {
			isa = PBXNativeTarget;
			buildConfigurationList = 2CE5E2B1231398DA0072F907 /* Build configuration list for PBXNativeTarget "AltSwiftUIExample" */;
			buildPhases = (
				2CE5E283231398D70072F907 /* Sources */,
				2CE5E284231398D70072F907 /* Frameworks */,
				2CE5E285231398D70072F907 /* Resources */,
				2C7A7CFB250F2C4C001A8613 /* Embed Frameworks */,
			);
			buildRules = (
			);
			dependencies = (
			);
			name = AltSwiftUIExample;
			productName = ios13test;
			productReference = 2CE5E287231398D70072F907 /* AltSwiftUIExample.app */;
			productType = "com.apple.product-type.application";
		};
		2CE5E29C231398DA0072F907 /* AltSwiftUIExampleTests */ = {
			isa = PBXNativeTarget;
			buildConfigurationList = 2CE5E2B4231398DA0072F907 /* Build configuration list for PBXNativeTarget "AltSwiftUIExampleTests" */;
			buildPhases = (
				2CE5E299231398DA0072F907 /* Sources */,
				2CE5E29A231398DA0072F907 /* Frameworks */,
				2CE5E29B231398DA0072F907 /* Resources */,
			);
			buildRules = (
			);
			dependencies = (
				2CE5E29F231398DA0072F907 /* PBXTargetDependency */,
			);
			name = AltSwiftUIExampleTests;
			productName = ios13testTests;
			productReference = 2CE5E29D231398DA0072F907 /* AltSwiftUIExampleTests.xctest */;
			productType = "com.apple.product-type.bundle.unit-test";
		};
		2CE5E2A7231398DA0072F907 /* AltSwiftUIExampleUITests */ = {
			isa = PBXNativeTarget;
			buildConfigurationList = 2CE5E2B7231398DA0072F907 /* Build configuration list for PBXNativeTarget "AltSwiftUIExampleUITests" */;
			buildPhases = (
				2CE5E2A4231398DA0072F907 /* Sources */,
				2CE5E2A5231398DA0072F907 /* Frameworks */,
				2CE5E2A6231398DA0072F907 /* Resources */,
			);
			buildRules = (
			);
			dependencies = (
				2CE5E2AA231398DA0072F907 /* PBXTargetDependency */,
			);
			name = AltSwiftUIExampleUITests;
			productName = ios13testUITests;
			productReference = 2CE5E2A8231398DA0072F907 /* AltSwiftUIExampleUITests.xctest */;
			productType = "com.apple.product-type.bundle.ui-testing";
		};
/* End PBXNativeTarget section */

/* Begin PBXProject section */
		2CE5E27F231398D70072F907 /* Project object */ = {
			isa = PBXProject;
			attributes = {
				LastSwiftUpdateCheck = 1100;
				LastUpgradeCheck = 1200;
				ORGANIZATIONNAME = "Rakuten Travel";
				TargetAttributes = {
					2CE5E286231398D70072F907 = {
						CreatedOnToolsVersion = 11.0;
					};
					2CE5E29C231398DA0072F907 = {
						CreatedOnToolsVersion = 11.0;
						TestTargetID = 2CE5E286231398D70072F907;
					};
					2CE5E2A7231398DA0072F907 = {
						CreatedOnToolsVersion = 11.0;
						TestTargetID = 2CE5E286231398D70072F907;
					};
				};
			};
			buildConfigurationList = 2CE5E282231398D70072F907 /* Build configuration list for PBXProject "AltSwiftUIExample" */;
			compatibilityVersion = "Xcode 9.3";
			developmentRegion = en;
			hasScannedForEncodings = 0;
			knownRegions = (
				en,
				Base,
			);
			mainGroup = 2CE5E27E231398D70072F907;
			productRefGroup = 2CE5E288231398D70072F907 /* Products */;
			projectDirPath = "";
			projectReferences = (
				{
					ProductGroup = 2CD1A088251485AC00E2CCBA /* Products */;
					ProjectRef = 2CD1A087251485AC00E2CCBA /* AltSwiftUI.xcodeproj */;
				},
			);
			projectRoot = "";
			targets = (
				2CE5E286231398D70072F907 /* AltSwiftUIExample */,
				2CE5E29C231398DA0072F907 /* AltSwiftUIExampleTests */,
				2CE5E2A7231398DA0072F907 /* AltSwiftUIExampleUITests */,
			);
		};
/* End PBXProject section */

/* Begin PBXReferenceProxy section */
		2CD1A08D251485AC00E2CCBA /* AltSwiftUI.framework */ = {
			isa = PBXReferenceProxy;
			fileType = wrapper.framework;
			path = AltSwiftUI.framework;
			remoteRef = 2CD1A08C251485AC00E2CCBA /* PBXContainerItemProxy */;
			sourceTree = BUILT_PRODUCTS_DIR;
		};
		2CD1A08F251485AC00E2CCBA /* AltSwiftUITests.xctest */ = {
			isa = PBXReferenceProxy;
			fileType = wrapper.cfbundle;
			path = AltSwiftUITests.xctest;
			remoteRef = 2CD1A08E251485AC00E2CCBA /* PBXContainerItemProxy */;
			sourceTree = BUILT_PRODUCTS_DIR;
		};
/* End PBXReferenceProxy section */

/* Begin PBXResourcesBuildPhase section */
		2CE5E285231398D70072F907 /* Resources */ = {
			isa = PBXResourcesBuildPhase;
			buildActionMask = 2147483647;
			files = (
				2CE5E297231398DA0072F907 /* LaunchScreen.storyboard in Resources */,
				2CE5E294231398DA0072F907 /* Assets.xcassets in Resources */,
				2CE5E292231398D70072F907 /* Main.storyboard in Resources */,
			);
			runOnlyForDeploymentPostprocessing = 0;
		};
		2CE5E29B231398DA0072F907 /* Resources */ = {
			isa = PBXResourcesBuildPhase;
			buildActionMask = 2147483647;
			files = (
			);
			runOnlyForDeploymentPostprocessing = 0;
		};
		2CE5E2A6231398DA0072F907 /* Resources */ = {
			isa = PBXResourcesBuildPhase;
			buildActionMask = 2147483647;
			files = (
			);
			runOnlyForDeploymentPostprocessing = 0;
		};
/* End PBXResourcesBuildPhase section */

/* Begin PBXSourcesBuildPhase section */
		2CE5E283231398D70072F907 /* Sources */ = {
			isa = PBXSourcesBuildPhase;
			buildActionMask = 2147483647;
			files = (
				2C49E3CC2535382F00543E7D /* TextExampleView.swift in Sources */,
				2C7407642628365100FF4380 /* ListTextFieldExampleView.swift in Sources */,
				2C8E1731268187240061CCD0 /* LazyStackExampleView.swift in Sources */,
				682C3A7C2594B18A005E798E /* SecureFieldExampleView.swift in Sources */,
				35D1A58825C7EDA100861DC4 /* AlertsExampleView.swift in Sources */,
				7DEA1BE22668D23800FE86E0 /* PathExampleView.swift in Sources */,
				2C83ED522554E50400C378DC /* NavigationExampleView.swift in Sources */,
				2C74075E262833D600FF4380 /* ScrollViewTextFieldExample.swift in Sources */,
				2CADC30F251CA0DF00EA3F17 /* RamenExampleView.swift in Sources */,
				2CADC317251CA15400EA3F17 /* ShapesExampleView.swift in Sources */,
				2CFE2AC025AD487800C925FC /* ScrollView2AxisExampleView.swift in Sources */,
				2CE5E28F231398D70072F907 /* ViewController.swift in Sources */,
				EACD577925EC689200FEF5A1 /* MenuExampleView.swift in Sources */,
				2CE5E28B231398D70072F907 /* AppDelegate.swift in Sources */,
				3ED3C29525F9CE5700F0F602 /* TextFieldExampleView.swift in Sources */,
				2CDCE7F325C40D2500BB52D1 /* StackUpdateExample.swift in Sources */,
				2C0BE74C2521CEE800B37BA9 /* ListExampleView.swift in Sources */,
			);
			runOnlyForDeploymentPostprocessing = 0;
		};
		2CE5E299231398DA0072F907 /* Sources */ = {
			isa = PBXSourcesBuildPhase;
			buildActionMask = 2147483647;
			files = (
				2CE5E2A2231398DA0072F907 /* AltSwiftUIExampleTests.swift in Sources */,
			);
			runOnlyForDeploymentPostprocessing = 0;
		};
		2CE5E2A4231398DA0072F907 /* Sources */ = {
			isa = PBXSourcesBuildPhase;
			buildActionMask = 2147483647;
			files = (
				2CE5E2AD231398DA0072F907 /* AltSwiftUIExampleUITests.swift in Sources */,
			);
			runOnlyForDeploymentPostprocessing = 0;
		};
/* End PBXSourcesBuildPhase section */

/* Begin PBXTargetDependency section */
		2CE5E29F231398DA0072F907 /* PBXTargetDependency */ = {
			isa = PBXTargetDependency;
			target = 2CE5E286231398D70072F907 /* AltSwiftUIExample */;
			targetProxy = 2CE5E29E231398DA0072F907 /* PBXContainerItemProxy */;
		};
		2CE5E2AA231398DA0072F907 /* PBXTargetDependency */ = {
			isa = PBXTargetDependency;
			target = 2CE5E286231398D70072F907 /* AltSwiftUIExample */;
			targetProxy = 2CE5E2A9231398DA0072F907 /* PBXContainerItemProxy */;
		};
/* End PBXTargetDependency section */

/* Begin PBXVariantGroup section */
		2CE5E290231398D70072F907 /* Main.storyboard */ = {
			isa = PBXVariantGroup;
			children = (
				2CE5E291231398D70072F907 /* Base */,
			);
			name = Main.storyboard;
			sourceTree = "<group>";
		};
		2CE5E295231398DA0072F907 /* LaunchScreen.storyboard */ = {
			isa = PBXVariantGroup;
			children = (
				2CE5E296231398DA0072F907 /* Base */,
			);
			name = LaunchScreen.storyboard;
			sourceTree = "<group>";
		};
/* End PBXVariantGroup section */

/* Begin XCBuildConfiguration section */
		2CE5E2AF231398DA0072F907 /* Debug */ = {
			isa = XCBuildConfiguration;
			buildSettings = {
				ALWAYS_SEARCH_USER_PATHS = NO;
				CLANG_ANALYZER_NONNULL = YES;
				CLANG_ANALYZER_NUMBER_OBJECT_CONVERSION = YES_AGGRESSIVE;
				CLANG_CXX_LANGUAGE_STANDARD = "gnu++14";
				CLANG_CXX_LIBRARY = "libc++";
				CLANG_ENABLE_MODULES = YES;
				CLANG_ENABLE_OBJC_ARC = YES;
				CLANG_ENABLE_OBJC_WEAK = YES;
				CLANG_WARN_BLOCK_CAPTURE_AUTORELEASING = YES;
				CLANG_WARN_BOOL_CONVERSION = YES;
				CLANG_WARN_COMMA = YES;
				CLANG_WARN_CONSTANT_CONVERSION = YES;
				CLANG_WARN_DEPRECATED_OBJC_IMPLEMENTATIONS = YES;
				CLANG_WARN_DIRECT_OBJC_ISA_USAGE = YES_ERROR;
				CLANG_WARN_DOCUMENTATION_COMMENTS = YES;
				CLANG_WARN_EMPTY_BODY = YES;
				CLANG_WARN_ENUM_CONVERSION = YES;
				CLANG_WARN_INFINITE_RECURSION = YES;
				CLANG_WARN_INT_CONVERSION = YES;
				CLANG_WARN_NON_LITERAL_NULL_CONVERSION = YES;
				CLANG_WARN_OBJC_IMPLICIT_RETAIN_SELF = YES;
				CLANG_WARN_OBJC_LITERAL_CONVERSION = YES;
				CLANG_WARN_OBJC_ROOT_CLASS = YES_ERROR;
				CLANG_WARN_QUOTED_INCLUDE_IN_FRAMEWORK_HEADER = YES;
				CLANG_WARN_RANGE_LOOP_ANALYSIS = YES;
				CLANG_WARN_STRICT_PROTOTYPES = YES;
				CLANG_WARN_SUSPICIOUS_MOVE = YES;
				CLANG_WARN_UNGUARDED_AVAILABILITY = YES_AGGRESSIVE;
				CLANG_WARN_UNREACHABLE_CODE = YES;
				CLANG_WARN__DUPLICATE_METHOD_MATCH = YES;
				COPY_PHASE_STRIP = NO;
				DEBUG_INFORMATION_FORMAT = dwarf;
				ENABLE_STRICT_OBJC_MSGSEND = YES;
				ENABLE_TESTABILITY = YES;
				GCC_C_LANGUAGE_STANDARD = gnu11;
				GCC_DYNAMIC_NO_PIC = NO;
				GCC_NO_COMMON_BLOCKS = YES;
				GCC_OPTIMIZATION_LEVEL = 0;
				GCC_PREPROCESSOR_DEFINITIONS = (
					"DEBUG=1",
					"$(inherited)",
				);
				GCC_WARN_64_TO_32_BIT_CONVERSION = YES;
				GCC_WARN_ABOUT_RETURN_TYPE = YES_ERROR;
				GCC_WARN_UNDECLARED_SELECTOR = YES;
				GCC_WARN_UNINITIALIZED_AUTOS = YES_AGGRESSIVE;
				GCC_WARN_UNUSED_FUNCTION = YES;
				GCC_WARN_UNUSED_VARIABLE = YES;
				IPHONEOS_DEPLOYMENT_TARGET = 11.0;
				MTL_ENABLE_DEBUG_INFO = INCLUDE_SOURCE;
				MTL_FAST_MATH = YES;
				ONLY_ACTIVE_ARCH = YES;
				SDKROOT = iphoneos;
				SWIFT_ACTIVE_COMPILATION_CONDITIONS = DEBUG;
				SWIFT_OPTIMIZATION_LEVEL = "-Onone";
			};
			name = Debug;
		};
		2CE5E2B0231398DA0072F907 /* Release */ = {
			isa = XCBuildConfiguration;
			buildSettings = {
				ALWAYS_SEARCH_USER_PATHS = NO;
				CLANG_ANALYZER_NONNULL = YES;
				CLANG_ANALYZER_NUMBER_OBJECT_CONVERSION = YES_AGGRESSIVE;
				CLANG_CXX_LANGUAGE_STANDARD = "gnu++14";
				CLANG_CXX_LIBRARY = "libc++";
				CLANG_ENABLE_MODULES = YES;
				CLANG_ENABLE_OBJC_ARC = YES;
				CLANG_ENABLE_OBJC_WEAK = YES;
				CLANG_WARN_BLOCK_CAPTURE_AUTORELEASING = YES;
				CLANG_WARN_BOOL_CONVERSION = YES;
				CLANG_WARN_COMMA = YES;
				CLANG_WARN_CONSTANT_CONVERSION = YES;
				CLANG_WARN_DEPRECATED_OBJC_IMPLEMENTATIONS = YES;
				CLANG_WARN_DIRECT_OBJC_ISA_USAGE = YES_ERROR;
				CLANG_WARN_DOCUMENTATION_COMMENTS = YES;
				CLANG_WARN_EMPTY_BODY = YES;
				CLANG_WARN_ENUM_CONVERSION = YES;
				CLANG_WARN_INFINITE_RECURSION = YES;
				CLANG_WARN_INT_CONVERSION = YES;
				CLANG_WARN_NON_LITERAL_NULL_CONVERSION = YES;
				CLANG_WARN_OBJC_IMPLICIT_RETAIN_SELF = YES;
				CLANG_WARN_OBJC_LITERAL_CONVERSION = YES;
				CLANG_WARN_OBJC_ROOT_CLASS = YES_ERROR;
				CLANG_WARN_QUOTED_INCLUDE_IN_FRAMEWORK_HEADER = YES;
				CLANG_WARN_RANGE_LOOP_ANALYSIS = YES;
				CLANG_WARN_STRICT_PROTOTYPES = YES;
				CLANG_WARN_SUSPICIOUS_MOVE = YES;
				CLANG_WARN_UNGUARDED_AVAILABILITY = YES_AGGRESSIVE;
				CLANG_WARN_UNREACHABLE_CODE = YES;
				CLANG_WARN__DUPLICATE_METHOD_MATCH = YES;
				COPY_PHASE_STRIP = NO;
				DEBUG_INFORMATION_FORMAT = "dwarf-with-dsym";
				ENABLE_NS_ASSERTIONS = NO;
				ENABLE_STRICT_OBJC_MSGSEND = YES;
				GCC_C_LANGUAGE_STANDARD = gnu11;
				GCC_NO_COMMON_BLOCKS = YES;
				GCC_WARN_64_TO_32_BIT_CONVERSION = YES;
				GCC_WARN_ABOUT_RETURN_TYPE = YES_ERROR;
				GCC_WARN_UNDECLARED_SELECTOR = YES;
				GCC_WARN_UNINITIALIZED_AUTOS = YES_AGGRESSIVE;
				GCC_WARN_UNUSED_FUNCTION = YES;
				GCC_WARN_UNUSED_VARIABLE = YES;
				IPHONEOS_DEPLOYMENT_TARGET = 11.0;
				MTL_ENABLE_DEBUG_INFO = NO;
				MTL_FAST_MATH = YES;
				SDKROOT = iphoneos;
				SWIFT_COMPILATION_MODE = wholemodule;
				SWIFT_OPTIMIZATION_LEVEL = "-O";
				VALIDATE_PRODUCT = YES;
			};
			name = Release;
		};
		2CE5E2B2231398DA0072F907 /* Debug */ = {
			isa = XCBuildConfiguration;
			buildSettings = {
				ASSETCATALOG_COMPILER_APPICON_NAME = AppIcon;
				CODE_SIGN_STYLE = Automatic;
				INFOPLIST_FILE = AltSwiftUIExample/Info.plist;
				IPHONEOS_DEPLOYMENT_TARGET = 11.0;
				LD_RUNPATH_SEARCH_PATHS = (
					"$(inherited)",
					"@executable_path/Frameworks",
				);
				PRODUCT_BUNDLE_IDENTIFIER = jp.co.rakuten.altSwiftUI;
				PRODUCT_NAME = "$(TARGET_NAME)";
				SWIFT_VERSION = 5.0;
				TARGETED_DEVICE_FAMILY = "1,2";
			};
			name = Debug;
		};
		2CE5E2B3231398DA0072F907 /* Release */ = {
			isa = XCBuildConfiguration;
			buildSettings = {
				ASSETCATALOG_COMPILER_APPICON_NAME = AppIcon;
				CODE_SIGN_STYLE = Automatic;
				INFOPLIST_FILE = AltSwiftUIExample/Info.plist;
				IPHONEOS_DEPLOYMENT_TARGET = 11.0;
				LD_RUNPATH_SEARCH_PATHS = (
					"$(inherited)",
					"@executable_path/Frameworks",
				);
				PRODUCT_BUNDLE_IDENTIFIER = jp.co.rakuten.altSwiftUI;
				PRODUCT_NAME = "$(TARGET_NAME)";
				SWIFT_VERSION = 5.0;
				TARGETED_DEVICE_FAMILY = "1,2";
			};
			name = Release;
		};
		2CE5E2B5231398DA0072F907 /* Debug */ = {
			isa = XCBuildConfiguration;
			buildSettings = {
				ALWAYS_EMBED_SWIFT_STANDARD_LIBRARIES = YES;
				BUNDLE_LOADER = "$(TEST_HOST)";
				CODE_SIGN_STYLE = Automatic;
				INFOPLIST_FILE = AltSwiftUIExampleTests/Info.plist;
				LD_RUNPATH_SEARCH_PATHS = (
					"$(inherited)",
					"@executable_path/Frameworks",
					"@loader_path/Frameworks",
				);
				PRODUCT_BUNDLE_IDENTIFIER = jp.co.rakuten.altSwiftUITests;
				PRODUCT_NAME = "$(TARGET_NAME)";
				SWIFT_VERSION = 5.0;
				TARGETED_DEVICE_FAMILY = "1,2";
				TEST_HOST = "$(BUILT_PRODUCTS_DIR)/AltSwiftUIExample.app/AltSwiftUIExample";
			};
			name = Debug;
		};
		2CE5E2B6231398DA0072F907 /* Release */ = {
			isa = XCBuildConfiguration;
			buildSettings = {
				ALWAYS_EMBED_SWIFT_STANDARD_LIBRARIES = YES;
				BUNDLE_LOADER = "$(TEST_HOST)";
				CODE_SIGN_STYLE = Automatic;
				INFOPLIST_FILE = AltSwiftUIExampleTests/Info.plist;
				LD_RUNPATH_SEARCH_PATHS = (
					"$(inherited)",
					"@executable_path/Frameworks",
					"@loader_path/Frameworks",
				);
				PRODUCT_BUNDLE_IDENTIFIER = jp.co.rakuten.altSwiftUITests;
				PRODUCT_NAME = "$(TARGET_NAME)";
				SWIFT_VERSION = 5.0;
				TARGETED_DEVICE_FAMILY = "1,2";
				TEST_HOST = "$(BUILT_PRODUCTS_DIR)/AltSwiftUIExample.app/AltSwiftUIExample";
			};
			name = Release;
		};
		2CE5E2B8231398DA0072F907 /* Debug */ = {
			isa = XCBuildConfiguration;
			buildSettings = {
				ALWAYS_EMBED_SWIFT_STANDARD_LIBRARIES = YES;
				CODE_SIGN_STYLE = Automatic;
				INFOPLIST_FILE = AltSwiftUIExampleUITests/Info.plist;
				LD_RUNPATH_SEARCH_PATHS = (
					"$(inherited)",
					"@executable_path/Frameworks",
					"@loader_path/Frameworks",
				);
				PRODUCT_BUNDLE_IDENTIFIER = jp.co.rakuten.altSwiftUIUITests;
				PRODUCT_NAME = "$(TARGET_NAME)";
				SWIFT_VERSION = 5.0;
				TARGETED_DEVICE_FAMILY = "1,2";
				TEST_TARGET_NAME = AltSwiftUI;
			};
			name = Debug;
		};
		2CE5E2B9231398DA0072F907 /* Release */ = {
			isa = XCBuildConfiguration;
			buildSettings = {
				ALWAYS_EMBED_SWIFT_STANDARD_LIBRARIES = YES;
				CODE_SIGN_STYLE = Automatic;
				INFOPLIST_FILE = AltSwiftUIExampleUITests/Info.plist;
				LD_RUNPATH_SEARCH_PATHS = (
					"$(inherited)",
					"@executable_path/Frameworks",
					"@loader_path/Frameworks",
				);
				PRODUCT_BUNDLE_IDENTIFIER = jp.co.rakuten.altSwiftUIUITests;
				PRODUCT_NAME = "$(TARGET_NAME)";
				SWIFT_VERSION = 5.0;
				TARGETED_DEVICE_FAMILY = "1,2";
				TEST_TARGET_NAME = AltSwiftUI;
			};
			name = Release;
		};
/* End XCBuildConfiguration section */

/* Begin XCConfigurationList section */
		2CE5E282231398D70072F907 /* Build configuration list for PBXProject "AltSwiftUIExample" */ = {
			isa = XCConfigurationList;
			buildConfigurations = (
				2CE5E2AF231398DA0072F907 /* Debug */,
				2CE5E2B0231398DA0072F907 /* Release */,
			);
			defaultConfigurationIsVisible = 0;
			defaultConfigurationName = Release;
		};
		2CE5E2B1231398DA0072F907 /* Build configuration list for PBXNativeTarget "AltSwiftUIExample" */ = {
			isa = XCConfigurationList;
			buildConfigurations = (
				2CE5E2B2231398DA0072F907 /* Debug */,
				2CE5E2B3231398DA0072F907 /* Release */,
			);
			defaultConfigurationIsVisible = 0;
			defaultConfigurationName = Release;
		};
		2CE5E2B4231398DA0072F907 /* Build configuration list for PBXNativeTarget "AltSwiftUIExampleTests" */ = {
			isa = XCConfigurationList;
			buildConfigurations = (
				2CE5E2B5231398DA0072F907 /* Debug */,
				2CE5E2B6231398DA0072F907 /* Release */,
			);
			defaultConfigurationIsVisible = 0;
			defaultConfigurationName = Release;
		};
		2CE5E2B7231398DA0072F907 /* Build configuration list for PBXNativeTarget "AltSwiftUIExampleUITests" */ = {
			isa = XCConfigurationList;
			buildConfigurations = (
				2CE5E2B8231398DA0072F907 /* Debug */,
				2CE5E2B9231398DA0072F907 /* Release */,
			);
			defaultConfigurationIsVisible = 0;
			defaultConfigurationName = Release;
		};
/* End XCConfigurationList section */
	};
	rootObject = 2CE5E27F231398D70072F907 /* Project object */;
}
