// !$*UTF8*$!
{
	archiveVersion = 1;
	classes = {
	};
	objectVersion = 50;
	objects = {

/* Begin PBXBuildFile section */
		2C4E4D4C234F1E1C0097F3D7 /* CoreTypes.swift in Sources */ = {isa = PBXBuildFile; fileRef = 2C4E4D30234F1E1B0097F3D7 /* CoreTypes.swift */; };
		2C4E4D4E234F1E1C0097F3D7 /* CoreViews.swift in Sources */ = {isa = PBXBuildFile; fileRef = 2C4E4D33234F1E1B0097F3D7 /* CoreViews.swift */; };
		2C4E4D51234F1E1C0097F3D7 /* NavigationViews.swift in Sources */ = {isa = PBXBuildFile; fileRef = 2C4E4D36234F1E1B0097F3D7 /* NavigationViews.swift */; };
		2C4E4D52234F1E1C0097F3D7 /* State.swift in Sources */ = {isa = PBXBuildFile; fileRef = 2C4E4D38234F1E1B0097F3D7 /* State.swift */; };
		2C4E4D53234F1E1C0097F3D7 /* SwiftUIConstants.swift in Sources */ = {isa = PBXBuildFile; fileRef = 2C4E4D3A234F1E1B0097F3D7 /* SwiftUIConstants.swift */; };
		2C4E4D54234F1E1C0097F3D7 /* UIKitCoreViews.swift in Sources */ = {isa = PBXBuildFile; fileRef = 2C4E4D3C234F1E1B0097F3D7 /* UIKitCoreViews.swift */; };
		2C4E4D55234F1E1C0097F3D7 /* UIKitNavigationViews.swift in Sources */ = {isa = PBXBuildFile; fileRef = 2C4E4D3D234F1E1B0097F3D7 /* UIKitNavigationViews.swift */; };
		2C4E4D57234F1E1C0097F3D7 /* UIKitCompat.swift in Sources */ = {isa = PBXBuildFile; fileRef = 2C4E4D41234F1E1B0097F3D7 /* UIKitCompat.swift */; };
		2C4E4D59234F1E1C0097F3D7 /* ViewValues.swift in Sources */ = {isa = PBXBuildFile; fileRef = 2C4E4D44234F1E1B0097F3D7 /* ViewValues.swift */; };
		2C4E4D5A234F1E1C0097F3D7 /* ViewPropertyBuilder.swift in Sources */ = {isa = PBXBuildFile; fileRef = 2C4E4D45234F1E1B0097F3D7 /* ViewPropertyBuilder.swift */; };
		2C4E4D5C234F1E1C0097F3D7 /* UIViewBuilder.swift in Sources */ = {isa = PBXBuildFile; fileRef = 2C4E4D49234F1E1B0097F3D7 /* UIViewBuilder.swift */; };
		2C4E4D5D234F1E1C0097F3D7 /* ViewEnvironment.swift in Sources */ = {isa = PBXBuildFile; fileRef = 2C4E4D4B234F1E1C0097F3D7 /* ViewEnvironment.swift */; };
		2C605D4124D1248C0042BA5E /* ViewBuilder.swift in Sources */ = {isa = PBXBuildFile; fileRef = 2C605D4024D1248C0042BA5E /* ViewBuilder.swift */; };
		2C72C23524D166F300EF9B94 /* UIHostingController.swift in Sources */ = {isa = PBXBuildFile; fileRef = 2C72C23424D166F300EF9B94 /* UIHostingController.swift */; };
		2C72C23724D166FF00EF9B94 /* ScreenViewController.swift in Sources */ = {isa = PBXBuildFile; fileRef = 2C72C23624D166FF00EF9B94 /* ScreenViewController.swift */; };
		2C72C23924D1670900EF9B94 /* View.swift in Sources */ = {isa = PBXBuildFile; fileRef = 2C72C23824D1670900EF9B94 /* View.swift */; };
		2C72C23B24D1671200EF9B94 /* ViewBinder.swift in Sources */ = {isa = PBXBuildFile; fileRef = 2C72C23A24D1671200EF9B94 /* ViewBinder.swift */; };
		2C72C23D24D1671D00EF9B94 /* LayoutSolver.swift in Sources */ = {isa = PBXBuildFile; fileRef = 2C72C23C24D1671D00EF9B94 /* LayoutSolver.swift */; };
		2C72C24024D169F300EF9B94 /* ViewPropertyLayoutTypes.swift in Sources */ = {isa = PBXBuildFile; fileRef = 2C72C23F24D169F300EF9B94 /* ViewPropertyLayoutTypes.swift */; };
		2C72C24224D169FE00EF9B94 /* ViewPropertyRenderingTypes.swift in Sources */ = {isa = PBXBuildFile; fileRef = 2C72C24124D169FE00EF9B94 /* ViewPropertyRenderingTypes.swift */; };
		2C72C24424D16A0900EF9B94 /* ViewPropertyNavigationTypes.swift in Sources */ = {isa = PBXBuildFile; fileRef = 2C72C24324D16A0900EF9B94 /* ViewPropertyNavigationTypes.swift */; };
		2C72C24624D16A1D00EF9B94 /* ViewPropertyViewTypes.swift in Sources */ = {isa = PBXBuildFile; fileRef = 2C72C24524D16A1D00EF9B94 /* ViewPropertyViewTypes.swift */; };
		2C72C24824D16A6100EF9B94 /* ViewPropertyTransitionTypes.swift in Sources */ = {isa = PBXBuildFile; fileRef = 2C72C24724D16A6100EF9B94 /* ViewPropertyTransitionTypes.swift */; };
		2C72C24A24D16A8800EF9B94 /* ViewPropertyAnimationTypes.swift in Sources */ = {isa = PBXBuildFile; fileRef = 2C72C24924D16A8800EF9B94 /* ViewPropertyAnimationTypes.swift */; };
		2C72C24C24D16ACC00EF9B94 /* ViewPropertyInteractionTypes.swift in Sources */ = {isa = PBXBuildFile; fileRef = 2C72C24B24D16ACC00EF9B94 /* ViewPropertyInteractionTypes.swift */; };
		2C72C24E24D174FA00EF9B94 /* StateTypes.swift in Sources */ = {isa = PBXBuildFile; fileRef = 2C72C24D24D174FA00EF9B94 /* StateTypes.swift */; };
		2C72C25024D1751500EF9B94 /* Binding.swift in Sources */ = {isa = PBXBuildFile; fileRef = 2C72C24F24D1751500EF9B94 /* Binding.swift */; };
		2C72C25224D1751F00EF9B94 /* ObservedObject.swift in Sources */ = {isa = PBXBuildFile; fileRef = 2C72C25124D1751F00EF9B94 /* ObservedObject.swift */; };
		2C72C25424D1752900EF9B94 /* EnvironmentObject.swift in Sources */ = {isa = PBXBuildFile; fileRef = 2C72C25324D1752900EF9B94 /* EnvironmentObject.swift */; };
		2C72C25624D1753300EF9B94 /* ObservableObject.swift in Sources */ = {isa = PBXBuildFile; fileRef = 2C72C25524D1753300EF9B94 /* ObservableObject.swift */; };
		2C72C25824D1753A00EF9B94 /* Published.swift in Sources */ = {isa = PBXBuildFile; fileRef = 2C72C25724D1753A00EF9B94 /* Published.swift */; };
		2C78146924EFBCCD00DB59FA /* GeometryReader.swift in Sources */ = {isa = PBXBuildFile; fileRef = 2C78146824EFBCCD00DB59FA /* GeometryReader.swift */; };
		2C78146B24F4A47800DB59FA /* StateObject.swift in Sources */ = {isa = PBXBuildFile; fileRef = 2C78146A24F4A47800DB59FA /* StateObject.swift */; };
		2C8405BF24D175A6007E9B9A /* Environment.swift in Sources */ = {isa = PBXBuildFile; fileRef = 2C8405BE24D175A6007E9B9A /* Environment.swift */; };
		2C8405C124D1781B007E9B9A /* UIKitReadOnlyViews.swift in Sources */ = {isa = PBXBuildFile; fileRef = 2C8405C024D1781B007E9B9A /* UIKitReadOnlyViews.swift */; };
		2C8405C324D17D19007E9B9A /* UIKitCollections.swift in Sources */ = {isa = PBXBuildFile; fileRef = 2C8405C224D17D19007E9B9A /* UIKitCollections.swift */; };
		2C845F9223CFFE6E00C02BC0 /* RPreviewProvider.swift in Sources */ = {isa = PBXBuildFile; fileRef = 2C845F9123CFFE6E00C02BC0 /* RPreviewProvider.swift */; };
		2C85473424DA58AA004A3887 /* ViewCollectionIteration.swift in Sources */ = {isa = PBXBuildFile; fileRef = 2C85473324DA58AA004A3887 /* ViewCollectionIteration.swift */; };
		2C85473624DA58E2004A3887 /* ForEach.swift in Sources */ = {isa = PBXBuildFile; fileRef = 2C85473524DA58E2004A3887 /* ForEach.swift */; };
		2C85473824DA5930004A3887 /* Group.swift in Sources */ = {isa = PBXBuildFile; fileRef = 2C85473724DA5930004A3887 /* Group.swift */; };
		2C85473A24DA59E9004A3887 /* List.swift in Sources */ = {isa = PBXBuildFile; fileRef = 2C85473924DA59E9004A3887 /* List.swift */; };
		2C85473C24DA5A4E004A3887 /* HStack.swift in Sources */ = {isa = PBXBuildFile; fileRef = 2C85473B24DA5A4E004A3887 /* HStack.swift */; };
		2C85473E24DA5A5B004A3887 /* VStack.swift in Sources */ = {isa = PBXBuildFile; fileRef = 2C85473D24DA5A5B004A3887 /* VStack.swift */; };
		2C85474024DA5A83004A3887 /* ZStack.swift in Sources */ = {isa = PBXBuildFile; fileRef = 2C85473F24DA5A83004A3887 /* ZStack.swift */; };
		2C85474224DA5AB2004A3887 /* ScrollView.swift in Sources */ = {isa = PBXBuildFile; fileRef = 2C85474124DA5AB2004A3887 /* ScrollView.swift */; };
		2C85474424DA5AC4004A3887 /* TabView.swift in Sources */ = {isa = PBXBuildFile; fileRef = 2C85474324DA5AC4004A3887 /* TabView.swift */; };
		2C85474624DA5B38004A3887 /* CollectionProtocols.swift in Sources */ = {isa = PBXBuildFile; fileRef = 2C85474524DA5B38004A3887 /* CollectionProtocols.swift */; };
		2C85474924DBBEC4004A3887 /* Text.swift in Sources */ = {isa = PBXBuildFile; fileRef = 2C85474824DBBEC4004A3887 /* Text.swift */; };
		2C85474B24DBBEDB004A3887 /* Spacer.swift in Sources */ = {isa = PBXBuildFile; fileRef = 2C85474A24DBBEDB004A3887 /* Spacer.swift */; };
		2C85474D24DBBEF9004A3887 /* Color.swift in Sources */ = {isa = PBXBuildFile; fileRef = 2C85474C24DBBEF9004A3887 /* Color.swift */; };
		2C85474F24DBBF11004A3887 /* Image.swift in Sources */ = {isa = PBXBuildFile; fileRef = 2C85474E24DBBF11004A3887 /* Image.swift */; };
		2C85475124DBBF25004A3887 /* Divider.swift in Sources */ = {isa = PBXBuildFile; fileRef = 2C85475024DBBF25004A3887 /* Divider.swift */; };
		2C85475324DBBF37004A3887 /* Rectangle.swift in Sources */ = {isa = PBXBuildFile; fileRef = 2C85475224DBBF37004A3887 /* Rectangle.swift */; };
		2C85475624DBBF7C004A3887 /* Button.swift in Sources */ = {isa = PBXBuildFile; fileRef = 2C85475524DBBF7C004A3887 /* Button.swift */; };
		2C85475824DBBF93004A3887 /* TextField.swift in Sources */ = {isa = PBXBuildFile; fileRef = 2C85475724DBBF93004A3887 /* TextField.swift */; };
		2C85475A24DBBFA8004A3887 /* Toggle.swift in Sources */ = {isa = PBXBuildFile; fileRef = 2C85475924DBBFA8004A3887 /* Toggle.swift */; };
		2C85475C24DBBFBD004A3887 /* Slider.swift in Sources */ = {isa = PBXBuildFile; fileRef = 2C85475B24DBBFBD004A3887 /* Slider.swift */; };
		2C85475E24DBBFDF004A3887 /* Picker.swift in Sources */ = {isa = PBXBuildFile; fileRef = 2C85475D24DBBFDF004A3887 /* Picker.swift */; };
		2C9CCE80250B252400F40452 /* FoundationExtensions.swift in Sources */ = {isa = PBXBuildFile; fileRef = 2C9CCE7D250B252400F40452 /* FoundationExtensions.swift */; };
		2C9CCE81250B252400F40452 /* AutolayoutExtensions.swift in Sources */ = {isa = PBXBuildFile; fileRef = 2C9CCE7E250B252400F40452 /* AutolayoutExtensions.swift */; };
		2C9CCE82250B252400F40452 /* UIApplicationExtensions.swift in Sources */ = {isa = PBXBuildFile; fileRef = 2C9CCE7F250B252400F40452 /* UIApplicationExtensions.swift */; };
		2CE5E28B231398D70072F907 /* AppDelegate.swift in Sources */ = {isa = PBXBuildFile; fileRef = 2CE5E28A231398D70072F907 /* AppDelegate.swift */; };
		2CE5E28F231398D70072F907 /* ViewController.swift in Sources */ = {isa = PBXBuildFile; fileRef = 2CE5E28E231398D70072F907 /* ViewController.swift */; };
		2CE5E292231398D70072F907 /* Main.storyboard in Resources */ = {isa = PBXBuildFile; fileRef = 2CE5E290231398D70072F907 /* Main.storyboard */; };
		2CE5E294231398DA0072F907 /* Assets.xcassets in Resources */ = {isa = PBXBuildFile; fileRef = 2CE5E293231398DA0072F907 /* Assets.xcassets */; };
		2CE5E297231398DA0072F907 /* LaunchScreen.storyboard in Resources */ = {isa = PBXBuildFile; fileRef = 2CE5E295231398DA0072F907 /* LaunchScreen.storyboard */; };
		2CE5E2A2231398DA0072F907 /* AltSwiftUITests.swift in Sources */ = {isa = PBXBuildFile; fileRef = 2CE5E2A1231398DA0072F907 /* AltSwiftUITests.swift */; };
		2CE5E2AD231398DA0072F907 /* AltSwiftUIUITests.swift in Sources */ = {isa = PBXBuildFile; fileRef = 2CE5E2AC231398DA0072F907 /* AltSwiftUIUITests.swift */; };
		7DDACEF223C40CC3007D2902 /* UIKitControls.swift in Sources */ = {isa = PBXBuildFile; fileRef = 7DDACEF123C40CC2007D2902 /* UIKitControls.swift */; };
/* End PBXBuildFile section */

/* Begin PBXContainerItemProxy section */
		2CE5E29E231398DA0072F907 /* PBXContainerItemProxy */ = {
			isa = PBXContainerItemProxy;
			containerPortal = 2CE5E27F231398D70072F907 /* Project object */;
			proxyType = 1;
			remoteGlobalIDString = 2CE5E286231398D70072F907;
			remoteInfo = ios13test;
		};
		2CE5E2A9231398DA0072F907 /* PBXContainerItemProxy */ = {
			isa = PBXContainerItemProxy;
			containerPortal = 2CE5E27F231398D70072F907 /* Project object */;
			proxyType = 1;
			remoteGlobalIDString = 2CE5E286231398D70072F907;
			remoteInfo = ios13test;
		};
/* End PBXContainerItemProxy section */

/* Begin PBXFileReference section */
		2C4E4D30234F1E1B0097F3D7 /* CoreTypes.swift */ = {isa = PBXFileReference; fileEncoding = 4; lastKnownFileType = sourcecode.swift; path = CoreTypes.swift; sourceTree = "<group>"; };
		2C4E4D33234F1E1B0097F3D7 /* CoreViews.swift */ = {isa = PBXFileReference; fileEncoding = 4; lastKnownFileType = sourcecode.swift; path = CoreViews.swift; sourceTree = "<group>"; };
		2C4E4D36234F1E1B0097F3D7 /* NavigationViews.swift */ = {isa = PBXFileReference; fileEncoding = 4; lastKnownFileType = sourcecode.swift; path = NavigationViews.swift; sourceTree = "<group>"; };
		2C4E4D38234F1E1B0097F3D7 /* State.swift */ = {isa = PBXFileReference; fileEncoding = 4; lastKnownFileType = sourcecode.swift; path = State.swift; sourceTree = "<group>"; };
		2C4E4D3A234F1E1B0097F3D7 /* SwiftUIConstants.swift */ = {isa = PBXFileReference; fileEncoding = 4; lastKnownFileType = sourcecode.swift; path = SwiftUIConstants.swift; sourceTree = "<group>"; };
		2C4E4D3C234F1E1B0097F3D7 /* UIKitCoreViews.swift */ = {isa = PBXFileReference; fileEncoding = 4; lastKnownFileType = sourcecode.swift; path = UIKitCoreViews.swift; sourceTree = "<group>"; };
		2C4E4D3D234F1E1B0097F3D7 /* UIKitNavigationViews.swift */ = {isa = PBXFileReference; fileEncoding = 4; lastKnownFileType = sourcecode.swift; path = UIKitNavigationViews.swift; sourceTree = "<group>"; };
		2C4E4D41234F1E1B0097F3D7 /* UIKitCompat.swift */ = {isa = PBXFileReference; fileEncoding = 4; lastKnownFileType = sourcecode.swift; path = UIKitCompat.swift; sourceTree = "<group>"; };
		2C4E4D44234F1E1B0097F3D7 /* ViewValues.swift */ = {isa = PBXFileReference; fileEncoding = 4; lastKnownFileType = sourcecode.swift; path = ViewValues.swift; sourceTree = "<group>"; };
		2C4E4D45234F1E1B0097F3D7 /* ViewPropertyBuilder.swift */ = {isa = PBXFileReference; fileEncoding = 4; lastKnownFileType = sourcecode.swift; path = ViewPropertyBuilder.swift; sourceTree = "<group>"; };
		2C4E4D49234F1E1B0097F3D7 /* UIViewBuilder.swift */ = {isa = PBXFileReference; fileEncoding = 4; lastKnownFileType = sourcecode.swift; path = UIViewBuilder.swift; sourceTree = "<group>"; };
		2C4E4D4B234F1E1C0097F3D7 /* ViewEnvironment.swift */ = {isa = PBXFileReference; fileEncoding = 4; lastKnownFileType = sourcecode.swift; path = ViewEnvironment.swift; sourceTree = "<group>"; };
		2C605D4024D1248C0042BA5E /* ViewBuilder.swift */ = {isa = PBXFileReference; lastKnownFileType = sourcecode.swift; path = ViewBuilder.swift; sourceTree = "<group>"; };
		2C72C23424D166F300EF9B94 /* UIHostingController.swift */ = {isa = PBXFileReference; lastKnownFileType = sourcecode.swift; path = UIHostingController.swift; sourceTree = "<group>"; };
		2C72C23624D166FF00EF9B94 /* ScreenViewController.swift */ = {isa = PBXFileReference; lastKnownFileType = sourcecode.swift; path = ScreenViewController.swift; sourceTree = "<group>"; };
		2C72C23824D1670900EF9B94 /* View.swift */ = {isa = PBXFileReference; lastKnownFileType = sourcecode.swift; path = View.swift; sourceTree = "<group>"; };
		2C72C23A24D1671200EF9B94 /* ViewBinder.swift */ = {isa = PBXFileReference; lastKnownFileType = sourcecode.swift; path = ViewBinder.swift; sourceTree = "<group>"; };
		2C72C23C24D1671D00EF9B94 /* LayoutSolver.swift */ = {isa = PBXFileReference; lastKnownFileType = sourcecode.swift; path = LayoutSolver.swift; sourceTree = "<group>"; };
		2C72C23F24D169F300EF9B94 /* ViewPropertyLayoutTypes.swift */ = {isa = PBXFileReference; lastKnownFileType = sourcecode.swift; path = ViewPropertyLayoutTypes.swift; sourceTree = "<group>"; };
		2C72C24124D169FE00EF9B94 /* ViewPropertyRenderingTypes.swift */ = {isa = PBXFileReference; lastKnownFileType = sourcecode.swift; path = ViewPropertyRenderingTypes.swift; sourceTree = "<group>"; };
		2C72C24324D16A0900EF9B94 /* ViewPropertyNavigationTypes.swift */ = {isa = PBXFileReference; lastKnownFileType = sourcecode.swift; path = ViewPropertyNavigationTypes.swift; sourceTree = "<group>"; };
		2C72C24524D16A1D00EF9B94 /* ViewPropertyViewTypes.swift */ = {isa = PBXFileReference; lastKnownFileType = sourcecode.swift; path = ViewPropertyViewTypes.swift; sourceTree = "<group>"; };
		2C72C24724D16A6100EF9B94 /* ViewPropertyTransitionTypes.swift */ = {isa = PBXFileReference; lastKnownFileType = sourcecode.swift; path = ViewPropertyTransitionTypes.swift; sourceTree = "<group>"; };
		2C72C24924D16A8800EF9B94 /* ViewPropertyAnimationTypes.swift */ = {isa = PBXFileReference; lastKnownFileType = sourcecode.swift; path = ViewPropertyAnimationTypes.swift; sourceTree = "<group>"; };
		2C72C24B24D16ACC00EF9B94 /* ViewPropertyInteractionTypes.swift */ = {isa = PBXFileReference; lastKnownFileType = sourcecode.swift; path = ViewPropertyInteractionTypes.swift; sourceTree = "<group>"; };
		2C72C24D24D174FA00EF9B94 /* StateTypes.swift */ = {isa = PBXFileReference; lastKnownFileType = sourcecode.swift; path = StateTypes.swift; sourceTree = "<group>"; };
		2C72C24F24D1751500EF9B94 /* Binding.swift */ = {isa = PBXFileReference; lastKnownFileType = sourcecode.swift; path = Binding.swift; sourceTree = "<group>"; };
		2C72C25124D1751F00EF9B94 /* ObservedObject.swift */ = {isa = PBXFileReference; lastKnownFileType = sourcecode.swift; path = ObservedObject.swift; sourceTree = "<group>"; };
		2C72C25324D1752900EF9B94 /* EnvironmentObject.swift */ = {isa = PBXFileReference; lastKnownFileType = sourcecode.swift; path = EnvironmentObject.swift; sourceTree = "<group>"; };
		2C72C25524D1753300EF9B94 /* ObservableObject.swift */ = {isa = PBXFileReference; lastKnownFileType = sourcecode.swift; path = ObservableObject.swift; sourceTree = "<group>"; };
		2C72C25724D1753A00EF9B94 /* Published.swift */ = {isa = PBXFileReference; lastKnownFileType = sourcecode.swift; path = Published.swift; sourceTree = "<group>"; };
		2C78146824EFBCCD00DB59FA /* GeometryReader.swift */ = {isa = PBXFileReference; lastKnownFileType = sourcecode.swift; path = GeometryReader.swift; sourceTree = "<group>"; };
		2C78146A24F4A47800DB59FA /* StateObject.swift */ = {isa = PBXFileReference; lastKnownFileType = sourcecode.swift; path = StateObject.swift; sourceTree = "<group>"; };
		2C8405BE24D175A6007E9B9A /* Environment.swift */ = {isa = PBXFileReference; lastKnownFileType = sourcecode.swift; path = Environment.swift; sourceTree = "<group>"; };
		2C8405C024D1781B007E9B9A /* UIKitReadOnlyViews.swift */ = {isa = PBXFileReference; lastKnownFileType = sourcecode.swift; path = UIKitReadOnlyViews.swift; sourceTree = "<group>"; };
		2C8405C224D17D19007E9B9A /* UIKitCollections.swift */ = {isa = PBXFileReference; lastKnownFileType = sourcecode.swift; path = UIKitCollections.swift; sourceTree = "<group>"; };
		2C845F9123CFFE6E00C02BC0 /* RPreviewProvider.swift */ = {isa = PBXFileReference; fileEncoding = 4; lastKnownFileType = sourcecode.swift; path = RPreviewProvider.swift; sourceTree = "<group>"; };
		2C85473324DA58AA004A3887 /* ViewCollectionIteration.swift */ = {isa = PBXFileReference; lastKnownFileType = sourcecode.swift; path = ViewCollectionIteration.swift; sourceTree = "<group>"; };
		2C85473524DA58E2004A3887 /* ForEach.swift */ = {isa = PBXFileReference; lastKnownFileType = sourcecode.swift; path = ForEach.swift; sourceTree = "<group>"; };
		2C85473724DA5930004A3887 /* Group.swift */ = {isa = PBXFileReference; lastKnownFileType = sourcecode.swift; path = Group.swift; sourceTree = "<group>"; };
		2C85473924DA59E9004A3887 /* List.swift */ = {isa = PBXFileReference; lastKnownFileType = sourcecode.swift; path = List.swift; sourceTree = "<group>"; };
		2C85473B24DA5A4E004A3887 /* HStack.swift */ = {isa = PBXFileReference; lastKnownFileType = sourcecode.swift; path = HStack.swift; sourceTree = "<group>"; };
		2C85473D24DA5A5B004A3887 /* VStack.swift */ = {isa = PBXFileReference; lastKnownFileType = sourcecode.swift; path = VStack.swift; sourceTree = "<group>"; };
		2C85473F24DA5A83004A3887 /* ZStack.swift */ = {isa = PBXFileReference; lastKnownFileType = sourcecode.swift; path = ZStack.swift; sourceTree = "<group>"; };
		2C85474124DA5AB2004A3887 /* ScrollView.swift */ = {isa = PBXFileReference; lastKnownFileType = sourcecode.swift; path = ScrollView.swift; sourceTree = "<group>"; };
		2C85474324DA5AC4004A3887 /* TabView.swift */ = {isa = PBXFileReference; lastKnownFileType = sourcecode.swift; path = TabView.swift; sourceTree = "<group>"; };
		2C85474524DA5B38004A3887 /* CollectionProtocols.swift */ = {isa = PBXFileReference; lastKnownFileType = sourcecode.swift; path = CollectionProtocols.swift; sourceTree = "<group>"; };
		2C85474824DBBEC4004A3887 /* Text.swift */ = {isa = PBXFileReference; lastKnownFileType = sourcecode.swift; path = Text.swift; sourceTree = "<group>"; };
		2C85474A24DBBEDB004A3887 /* Spacer.swift */ = {isa = PBXFileReference; lastKnownFileType = sourcecode.swift; path = Spacer.swift; sourceTree = "<group>"; };
		2C85474C24DBBEF9004A3887 /* Color.swift */ = {isa = PBXFileReference; lastKnownFileType = sourcecode.swift; path = Color.swift; sourceTree = "<group>"; };
		2C85474E24DBBF11004A3887 /* Image.swift */ = {isa = PBXFileReference; lastKnownFileType = sourcecode.swift; path = Image.swift; sourceTree = "<group>"; };
		2C85475024DBBF25004A3887 /* Divider.swift */ = {isa = PBXFileReference; lastKnownFileType = sourcecode.swift; path = Divider.swift; sourceTree = "<group>"; };
		2C85475224DBBF37004A3887 /* Rectangle.swift */ = {isa = PBXFileReference; lastKnownFileType = sourcecode.swift; path = Rectangle.swift; sourceTree = "<group>"; };
		2C85475524DBBF7C004A3887 /* Button.swift */ = {isa = PBXFileReference; lastKnownFileType = sourcecode.swift; path = Button.swift; sourceTree = "<group>"; };
		2C85475724DBBF93004A3887 /* TextField.swift */ = {isa = PBXFileReference; lastKnownFileType = sourcecode.swift; path = TextField.swift; sourceTree = "<group>"; };
		2C85475924DBBFA8004A3887 /* Toggle.swift */ = {isa = PBXFileReference; lastKnownFileType = sourcecode.swift; path = Toggle.swift; sourceTree = "<group>"; };
		2C85475B24DBBFBD004A3887 /* Slider.swift */ = {isa = PBXFileReference; lastKnownFileType = sourcecode.swift; path = Slider.swift; sourceTree = "<group>"; };
		2C85475D24DBBFDF004A3887 /* Picker.swift */ = {isa = PBXFileReference; lastKnownFileType = sourcecode.swift; path = Picker.swift; sourceTree = "<group>"; };
		2C9CCE7D250B252400F40452 /* FoundationExtensions.swift */ = {isa = PBXFileReference; fileEncoding = 4; lastKnownFileType = sourcecode.swift; path = FoundationExtensions.swift; sourceTree = "<group>"; };
		2C9CCE7E250B252400F40452 /* AutolayoutExtensions.swift */ = {isa = PBXFileReference; fileEncoding = 4; lastKnownFileType = sourcecode.swift; path = AutolayoutExtensions.swift; sourceTree = "<group>"; };
		2C9CCE7F250B252400F40452 /* UIApplicationExtensions.swift */ = {isa = PBXFileReference; fileEncoding = 4; lastKnownFileType = sourcecode.swift; path = UIApplicationExtensions.swift; sourceTree = "<group>"; };
		2CE5E287231398D70072F907 /* AltSwiftUI.app */ = {isa = PBXFileReference; explicitFileType = wrapper.application; includeInIndex = 0; path = AltSwiftUI.app; sourceTree = BUILT_PRODUCTS_DIR; };
		2CE5E28A231398D70072F907 /* AppDelegate.swift */ = {isa = PBXFileReference; lastKnownFileType = sourcecode.swift; path = AppDelegate.swift; sourceTree = "<group>"; };
		2CE5E28E231398D70072F907 /* ViewController.swift */ = {isa = PBXFileReference; lastKnownFileType = sourcecode.swift; path = ViewController.swift; sourceTree = "<group>"; };
		2CE5E291231398D70072F907 /* Base */ = {isa = PBXFileReference; lastKnownFileType = file.storyboard; name = Base; path = Base.lproj/Main.storyboard; sourceTree = "<group>"; };
		2CE5E293231398DA0072F907 /* Assets.xcassets */ = {isa = PBXFileReference; lastKnownFileType = folder.assetcatalog; path = Assets.xcassets; sourceTree = "<group>"; };
		2CE5E296231398DA0072F907 /* Base */ = {isa = PBXFileReference; lastKnownFileType = file.storyboard; name = Base; path = Base.lproj/LaunchScreen.storyboard; sourceTree = "<group>"; };
		2CE5E298231398DA0072F907 /* Info.plist */ = {isa = PBXFileReference; lastKnownFileType = text.plist.xml; path = Info.plist; sourceTree = "<group>"; };
		2CE5E29D231398DA0072F907 /* AltSwiftUITests.xctest */ = {isa = PBXFileReference; explicitFileType = wrapper.cfbundle; includeInIndex = 0; path = AltSwiftUITests.xctest; sourceTree = BUILT_PRODUCTS_DIR; };
		2CE5E2A1231398DA0072F907 /* AltSwiftUITests.swift */ = {isa = PBXFileReference; lastKnownFileType = sourcecode.swift; path = AltSwiftUITests.swift; sourceTree = "<group>"; };
		2CE5E2A3231398DA0072F907 /* Info.plist */ = {isa = PBXFileReference; lastKnownFileType = text.plist.xml; path = Info.plist; sourceTree = "<group>"; };
		2CE5E2A8231398DA0072F907 /* AltSwiftUIUITests.xctest */ = {isa = PBXFileReference; explicitFileType = wrapper.cfbundle; includeInIndex = 0; path = AltSwiftUIUITests.xctest; sourceTree = BUILT_PRODUCTS_DIR; };
		2CE5E2AC231398DA0072F907 /* AltSwiftUIUITests.swift */ = {isa = PBXFileReference; lastKnownFileType = sourcecode.swift; path = AltSwiftUIUITests.swift; sourceTree = "<group>"; };
		2CE5E2AE231398DA0072F907 /* Info.plist */ = {isa = PBXFileReference; lastKnownFileType = text.plist.xml; path = Info.plist; sourceTree = "<group>"; };
		7DDACEF123C40CC2007D2902 /* UIKitControls.swift */ = {isa = PBXFileReference; fileEncoding = 4; lastKnownFileType = sourcecode.swift; path = UIKitControls.swift; sourceTree = "<group>"; };
/* End PBXFileReference section */

/* Begin PBXFrameworksBuildPhase section */
		2CE5E284231398D70072F907 /* Frameworks */ = {
			isa = PBXFrameworksBuildPhase;
			buildActionMask = 2147483647;
			files = (
			);
			runOnlyForDeploymentPostprocessing = 0;
		};
		2CE5E29A231398DA0072F907 /* Frameworks */ = {
			isa = PBXFrameworksBuildPhase;
			buildActionMask = 2147483647;
			files = (
			);
			runOnlyForDeploymentPostprocessing = 0;
		};
		2CE5E2A5231398DA0072F907 /* Frameworks */ = {
			isa = PBXFrameworksBuildPhase;
			buildActionMask = 2147483647;
			files = (
			);
			runOnlyForDeploymentPostprocessing = 0;
		};
/* End PBXFrameworksBuildPhase section */

/* Begin PBXGroup section */
		2C4E4D2F234F1E1B0097F3D7 /* CoreTypes */ = {
			isa = PBXGroup;
			children = (
				2C4E4D30234F1E1B0097F3D7 /* CoreTypes.swift */,
			);
			name = CoreTypes;
			path = Source/CoreTypes;
			sourceTree = "<group>";
		};
		2C4E4D31234F1E1B0097F3D7 /* Views */ = {
			isa = PBXGroup;
			children = (
				2C85475424DBBF70004A3887 /* Controls */,
				2C85474724DBBEB5004A3887 /* ReadOnly */,
				2C85473224DA580A004A3887 /* Collections */,
				2C4E4D33234F1E1B0097F3D7 /* CoreViews.swift */,
				2C4E4D36234F1E1B0097F3D7 /* NavigationViews.swift */,
			);
			name = Views;
			path = Source/Views;
			sourceTree = "<group>";
		};
		2C4E4D37234F1E1B0097F3D7 /* State */ = {
			isa = PBXGroup;
			children = (
				2C72C24D24D174FA00EF9B94 /* StateTypes.swift */,
				2C4E4D38234F1E1B0097F3D7 /* State.swift */,
				2C72C24F24D1751500EF9B94 /* Binding.swift */,
				2C72C25124D1751F00EF9B94 /* ObservedObject.swift */,
				2C72C25724D1753A00EF9B94 /* Published.swift */,
				2C72C25324D1752900EF9B94 /* EnvironmentObject.swift */,
				2C8405BE24D175A6007E9B9A /* Environment.swift */,
				2C72C25524D1753300EF9B94 /* ObservableObject.swift */,
				2C78146A24F4A47800DB59FA /* StateObject.swift */,
			);
			name = State;
			path = Source/State;
			sourceTree = "<group>";
		};
		2C4E4D39234F1E1B0097F3D7 /* Constants */ = {
			isa = PBXGroup;
			children = (
				2C4E4D3A234F1E1B0097F3D7 /* SwiftUIConstants.swift */,
			);
			name = Constants;
			path = Source/Constants;
			sourceTree = "<group>";
		};
		2C4E4D3B234F1E1B0097F3D7 /* UIKitViews */ = {
			isa = PBXGroup;
			children = (
				2C4E4D3C234F1E1B0097F3D7 /* UIKitCoreViews.swift */,
				2C4E4D3D234F1E1B0097F3D7 /* UIKitNavigationViews.swift */,
				7DDACEF123C40CC2007D2902 /* UIKitControls.swift */,
				2C8405C024D1781B007E9B9A /* UIKitReadOnlyViews.swift */,
				2C8405C224D17D19007E9B9A /* UIKitCollections.swift */,
			);
			name = UIKitViews;
			path = Source/UIKitViews;
			sourceTree = "<group>";
		};
		2C4E4D3E234F1E1B0097F3D7 /* CoreUI */ = {
			isa = PBXGroup;
			children = (
				2C72C23424D166F300EF9B94 /* UIHostingController.swift */,
				2C72C23624D166FF00EF9B94 /* ScreenViewController.swift */,
				2C72C23824D1670900EF9B94 /* View.swift */,
				2C4E4D49234F1E1B0097F3D7 /* UIViewBuilder.swift */,
				2C72C23A24D1671200EF9B94 /* ViewBinder.swift */,
				2C72C23C24D1671D00EF9B94 /* LayoutSolver.swift */,
			);
			name = CoreUI;
			path = Source/CoreUI;
			sourceTree = "<group>";
		};
		2C4E4D40234F1E1B0097F3D7 /* UIKitCompat */ = {
			isa = PBXGroup;
			children = (
				2C4E4D41234F1E1B0097F3D7 /* UIKitCompat.swift */,
			);
			name = UIKitCompat;
			path = Source/UIKitCompat;
			sourceTree = "<group>";
		};
		2C4E4D42234F1E1B0097F3D7 /* ViewProperties */ = {
			isa = PBXGroup;
			children = (
				2C72C23E24D169E400EF9B94 /* ViewPropertyTypes */,
				2C4E4D44234F1E1B0097F3D7 /* ViewValues.swift */,
				2C4E4D45234F1E1B0097F3D7 /* ViewPropertyBuilder.swift */,
				2C605D4024D1248C0042BA5E /* ViewBuilder.swift */,
			);
			name = ViewProperties;
			path = Source/ViewProperties;
			sourceTree = "<group>";
		};
		2C4E4D4A234F1E1C0097F3D7 /* ViewEnvironment */ = {
			isa = PBXGroup;
			children = (
				2C4E4D4B234F1E1C0097F3D7 /* ViewEnvironment.swift */,
			);
			name = ViewEnvironment;
			path = Source/ViewEnvironment;
			sourceTree = "<group>";
		};
		2C72C23E24D169E400EF9B94 /* ViewPropertyTypes */ = {
			isa = PBXGroup;
			children = (
				2C72C23F24D169F300EF9B94 /* ViewPropertyLayoutTypes.swift */,
				2C72C24124D169FE00EF9B94 /* ViewPropertyRenderingTypes.swift */,
				2C72C24324D16A0900EF9B94 /* ViewPropertyNavigationTypes.swift */,
				2C72C24524D16A1D00EF9B94 /* ViewPropertyViewTypes.swift */,
				2C72C24724D16A6100EF9B94 /* ViewPropertyTransitionTypes.swift */,
				2C72C24924D16A8800EF9B94 /* ViewPropertyAnimationTypes.swift */,
				2C72C24B24D16ACC00EF9B94 /* ViewPropertyInteractionTypes.swift */,
			);
			path = ViewPropertyTypes;
			sourceTree = "<group>";
		};
		2C85473224DA580A004A3887 /* Collections */ = {
			isa = PBXGroup;
			children = (
				2C85473524DA58E2004A3887 /* ForEach.swift */,
				2C85473724DA5930004A3887 /* Group.swift */,
				2C85473924DA59E9004A3887 /* List.swift */,
				2C85473B24DA5A4E004A3887 /* HStack.swift */,
				2C85473D24DA5A5B004A3887 /* VStack.swift */,
				2C85473F24DA5A83004A3887 /* ZStack.swift */,
				2C85474124DA5AB2004A3887 /* ScrollView.swift */,
				2C85474324DA5AC4004A3887 /* TabView.swift */,
				2C85474524DA5B38004A3887 /* CollectionProtocols.swift */,
				2C85473324DA58AA004A3887 /* ViewCollectionIteration.swift */,
			);
			path = Collections;
			sourceTree = "<group>";
		};
		2C85474724DBBEB5004A3887 /* ReadOnly */ = {
			isa = PBXGroup;
			children = (
				2C85474824DBBEC4004A3887 /* Text.swift */,
				2C85474A24DBBEDB004A3887 /* Spacer.swift */,
				2C85474C24DBBEF9004A3887 /* Color.swift */,
				2C85474E24DBBF11004A3887 /* Image.swift */,
				2C85475024DBBF25004A3887 /* Divider.swift */,
				2C85475224DBBF37004A3887 /* Rectangle.swift */,
				2C85475D24DBBFDF004A3887 /* Picker.swift */,
				2C78146824EFBCCD00DB59FA /* GeometryReader.swift */,
			);
			path = ReadOnly;
			sourceTree = "<group>";
		};
		2C85475424DBBF70004A3887 /* Controls */ = {
			isa = PBXGroup;
			children = (
				2C85475524DBBF7C004A3887 /* Button.swift */,
				2C85475724DBBF93004A3887 /* TextField.swift */,
				2C85475924DBBFA8004A3887 /* Toggle.swift */,
				2C85475B24DBBFBD004A3887 /* Slider.swift */,
			);
			path = Controls;
			sourceTree = "<group>";
		};
		2C9CCE7C250B252400F40452 /* Helpers */ = {
			isa = PBXGroup;
			children = (
				2C9CCE7D250B252400F40452 /* FoundationExtensions.swift */,
				2C9CCE7E250B252400F40452 /* AutolayoutExtensions.swift */,
				2C9CCE7F250B252400F40452 /* UIApplicationExtensions.swift */,
			);
			name = Helpers;
			path = Source/Helpers;
			sourceTree = "<group>";
		};
		2CAB5AA323CFEB4100CCF372 /* Previews */ = {
			isa = PBXGroup;
			children = (
				2C845F9123CFFE6E00C02BC0 /* RPreviewProvider.swift */,
			);
			name = Previews;
			path = Source/Previews;
			sourceTree = "<group>";
		};
		2CE5E27E231398D70072F907 = {
			isa = PBXGroup;
			children = (
				2CE5E289231398D70072F907 /* AltSwiftUI */,
				2CE5E2A0231398DA0072F907 /* AltSwiftUITests */,
				2CE5E2AB231398DA0072F907 /* AltSwiftUIUITests */,
				2CE5E288231398D70072F907 /* Products */,
			);
			sourceTree = "<group>";
		};
		2CE5E288231398D70072F907 /* Products */ = {
			isa = PBXGroup;
			children = (
				2CE5E287231398D70072F907 /* AltSwiftUI.app */,
				2CE5E29D231398DA0072F907 /* AltSwiftUITests.xctest */,
				2CE5E2A8231398DA0072F907 /* AltSwiftUIUITests.xctest */,
			);
			name = Products;
			sourceTree = "<group>";
		};
		2CE5E289231398D70072F907 /* AltSwiftUI */ = {
			isa = PBXGroup;
			children = (
				2C4E4D39234F1E1B0097F3D7 /* Constants */,
				2C4E4D2F234F1E1B0097F3D7 /* CoreTypes */,
				2C4E4D42234F1E1B0097F3D7 /* ViewProperties */,
				2C4E4D3E234F1E1B0097F3D7 /* CoreUI */,
				2C4E4D4A234F1E1C0097F3D7 /* ViewEnvironment */,
				2C4E4D37234F1E1B0097F3D7 /* State */,
				2C4E4D3B234F1E1B0097F3D7 /* UIKitViews */,
				2C4E4D40234F1E1B0097F3D7 /* UIKitCompat */,
				2C4E4D31234F1E1B0097F3D7 /* Views */,
				2CAB5AA323CFEB4100CCF372 /* Previews */,
				2C9CCE7C250B252400F40452 /* Helpers */,
				2CE5E28A231398D70072F907 /* AppDelegate.swift */,
				2CE5E28E231398D70072F907 /* ViewController.swift */,
				2CE5E290231398D70072F907 /* Main.storyboard */,
				2CE5E293231398DA0072F907 /* Assets.xcassets */,
				2CE5E295231398DA0072F907 /* LaunchScreen.storyboard */,
				2CE5E298231398DA0072F907 /* Info.plist */,
			);
			path = AltSwiftUI;
			sourceTree = "<group>";
		};
		2CE5E2A0231398DA0072F907 /* AltSwiftUITests */ = {
			isa = PBXGroup;
			children = (
				2CE5E2A1231398DA0072F907 /* AltSwiftUITests.swift */,
				2CE5E2A3231398DA0072F907 /* Info.plist */,
			);
			path = AltSwiftUITests;
			sourceTree = "<group>";
		};
		2CE5E2AB231398DA0072F907 /* AltSwiftUIUITests */ = {
			isa = PBXGroup;
			children = (
				2CE5E2AC231398DA0072F907 /* AltSwiftUIUITests.swift */,
				2CE5E2AE231398DA0072F907 /* Info.plist */,
			);
			path = AltSwiftUIUITests;
			sourceTree = "<group>";
		};
/* End PBXGroup section */

/* Begin PBXNativeTarget section */
		2CE5E286231398D70072F907 /* AltSwiftUI */ = {
			isa = PBXNativeTarget;
			buildConfigurationList = 2CE5E2B1231398DA0072F907 /* Build configuration list for PBXNativeTarget "AltSwiftUI" */;
			buildPhases = (
				2CE5E283231398D70072F907 /* Sources */,
				2CE5E284231398D70072F907 /* Frameworks */,
				2CE5E285231398D70072F907 /* Resources */,
			);
			buildRules = (
			);
			dependencies = (
			);
			name = AltSwiftUI;
			productName = ios13test;
			productReference = 2CE5E287231398D70072F907 /* AltSwiftUI.app */;
			productType = "com.apple.product-type.application";
		};
		2CE5E29C231398DA0072F907 /* AltSwiftUITests */ = {
			isa = PBXNativeTarget;
			buildConfigurationList = 2CE5E2B4231398DA0072F907 /* Build configuration list for PBXNativeTarget "AltSwiftUITests" */;
			buildPhases = (
				2CE5E299231398DA0072F907 /* Sources */,
				2CE5E29A231398DA0072F907 /* Frameworks */,
				2CE5E29B231398DA0072F907 /* Resources */,
			);
			buildRules = (
			);
			dependencies = (
				2CE5E29F231398DA0072F907 /* PBXTargetDependency */,
			);
			name = AltSwiftUITests;
			productName = ios13testTests;
			productReference = 2CE5E29D231398DA0072F907 /* AltSwiftUITests.xctest */;
			productType = "com.apple.product-type.bundle.unit-test";
		};
		2CE5E2A7231398DA0072F907 /* AltSwiftUIUITests */ = {
			isa = PBXNativeTarget;
			buildConfigurationList = 2CE5E2B7231398DA0072F907 /* Build configuration list for PBXNativeTarget "AltSwiftUIUITests" */;
			buildPhases = (
				2CE5E2A4231398DA0072F907 /* Sources */,
				2CE5E2A5231398DA0072F907 /* Frameworks */,
				2CE5E2A6231398DA0072F907 /* Resources */,
			);
			buildRules = (
			);
			dependencies = (
				2CE5E2AA231398DA0072F907 /* PBXTargetDependency */,
			);
			name = AltSwiftUIUITests;
			productName = ios13testUITests;
			productReference = 2CE5E2A8231398DA0072F907 /* AltSwiftUIUITests.xctest */;
			productType = "com.apple.product-type.bundle.ui-testing";
		};
/* End PBXNativeTarget section */

/* Begin PBXProject section */
		2CE5E27F231398D70072F907 /* Project object */ = {
			isa = PBXProject;
			attributes = {
				LastSwiftUpdateCheck = 1100;
				LastUpgradeCheck = 1200;
				ORGANIZATIONNAME = "Rakuten Travel";
				TargetAttributes = {
					2CE5E286231398D70072F907 = {
						CreatedOnToolsVersion = 11.0;
					};
					2CE5E29C231398DA0072F907 = {
						CreatedOnToolsVersion = 11.0;
						TestTargetID = 2CE5E286231398D70072F907;
					};
					2CE5E2A7231398DA0072F907 = {
						CreatedOnToolsVersion = 11.0;
						TestTargetID = 2CE5E286231398D70072F907;
					};
				};
			};
			buildConfigurationList = 2CE5E282231398D70072F907 /* Build configuration list for PBXProject "AltSwiftUI" */;
			compatibilityVersion = "Xcode 9.3";
			developmentRegion = en;
			hasScannedForEncodings = 0;
			knownRegions = (
				en,
				Base,
			);
			mainGroup = 2CE5E27E231398D70072F907;
			productRefGroup = 2CE5E288231398D70072F907 /* Products */;
			projectDirPath = "";
			projectRoot = "";
			targets = (
				2CE5E286231398D70072F907 /* AltSwiftUI */,
				2CE5E29C231398DA0072F907 /* AltSwiftUITests */,
				2CE5E2A7231398DA0072F907 /* AltSwiftUIUITests */,
			);
		};
/* End PBXProject section */

/* Begin PBXResourcesBuildPhase section */
		2CE5E285231398D70072F907 /* Resources */ = {
			isa = PBXResourcesBuildPhase;
			buildActionMask = 2147483647;
			files = (
				2CE5E297231398DA0072F907 /* LaunchScreen.storyboard in Resources */,
				2CE5E294231398DA0072F907 /* Assets.xcassets in Resources */,
				2CE5E292231398D70072F907 /* Main.storyboard in Resources */,
			);
			runOnlyForDeploymentPostprocessing = 0;
		};
		2CE5E29B231398DA0072F907 /* Resources */ = {
			isa = PBXResourcesBuildPhase;
			buildActionMask = 2147483647;
			files = (
			);
			runOnlyForDeploymentPostprocessing = 0;
		};
		2CE5E2A6231398DA0072F907 /* Resources */ = {
			isa = PBXResourcesBuildPhase;
			buildActionMask = 2147483647;
			files = (
			);
			runOnlyForDeploymentPostprocessing = 0;
		};
/* End PBXResourcesBuildPhase section */

/* Begin PBXSourcesBuildPhase section */
		2CE5E283231398D70072F907 /* Sources */ = {
			isa = PBXSourcesBuildPhase;
			buildActionMask = 2147483647;
			files = (
				2C4E4D4C234F1E1C0097F3D7 /* CoreTypes.swift in Sources */,
				2C4E4D51234F1E1C0097F3D7 /* NavigationViews.swift in Sources */,
				2C8405C124D1781B007E9B9A /* UIKitReadOnlyViews.swift in Sources */,
				2C85474024DA5A83004A3887 /* ZStack.swift in Sources */,
				2C4E4D5A234F1E1C0097F3D7 /* ViewPropertyBuilder.swift in Sources */,
				2C72C24224D169FE00EF9B94 /* ViewPropertyRenderingTypes.swift in Sources */,
				2C72C23924D1670900EF9B94 /* View.swift in Sources */,
				2C85475624DBBF7C004A3887 /* Button.swift in Sources */,
				2C8405BF24D175A6007E9B9A /* Environment.swift in Sources */,
				2C85475E24DBBFDF004A3887 /* Picker.swift in Sources */,
				2C4E4D4E234F1E1C0097F3D7 /* CoreViews.swift in Sources */,
				2C78146924EFBCCD00DB59FA /* GeometryReader.swift in Sources */,
				2C9CCE80250B252400F40452 /* FoundationExtensions.swift in Sources */,
				2C72C25224D1751F00EF9B94 /* ObservedObject.swift in Sources */,
				2C4E4D52234F1E1C0097F3D7 /* State.swift in Sources */,
				2C4E4D54234F1E1C0097F3D7 /* UIKitCoreViews.swift in Sources */,
				2C78146B24F4A47800DB59FA /* StateObject.swift in Sources */,
				2C4E4D59234F1E1C0097F3D7 /* ViewValues.swift in Sources */,
				2C85474B24DBBEDB004A3887 /* Spacer.swift in Sources */,
				2C8405C324D17D19007E9B9A /* UIKitCollections.swift in Sources */,
				2C4E4D5C234F1E1C0097F3D7 /* UIViewBuilder.swift in Sources */,
				2C85473A24DA59E9004A3887 /* List.swift in Sources */,
				2C4E4D5D234F1E1C0097F3D7 /* ViewEnvironment.swift in Sources */,
				2C85475A24DBBFA8004A3887 /* Toggle.swift in Sources */,
				2C85474924DBBEC4004A3887 /* Text.swift in Sources */,
				2C85473824DA5930004A3887 /* Group.swift in Sources */,
				2C85474624DA5B38004A3887 /* CollectionProtocols.swift in Sources */,
				2C72C25024D1751500EF9B94 /* Binding.swift in Sources */,
				2C85474F24DBBF11004A3887 /* Image.swift in Sources */,
				2C85473C24DA5A4E004A3887 /* HStack.swift in Sources */,
				2C72C24024D169F300EF9B94 /* ViewPropertyLayoutTypes.swift in Sources */,
				2C72C23724D166FF00EF9B94 /* ScreenViewController.swift in Sources */,
				2C85475C24DBBFBD004A3887 /* Slider.swift in Sources */,
				2C72C23524D166F300EF9B94 /* UIHostingController.swift in Sources */,
				2C85474224DA5AB2004A3887 /* ScrollView.swift in Sources */,
				2C72C25424D1752900EF9B94 /* EnvironmentObject.swift in Sources */,
				2C72C23B24D1671200EF9B94 /* ViewBinder.swift in Sources */,
				2C72C23D24D1671D00EF9B94 /* LayoutSolver.swift in Sources */,
				2C85473624DA58E2004A3887 /* ForEach.swift in Sources */,
				2C85473424DA58AA004A3887 /* ViewCollectionIteration.swift in Sources */,
				2C4E4D57234F1E1C0097F3D7 /* UIKitCompat.swift in Sources */,
				2C85474424DA5AC4004A3887 /* TabView.swift in Sources */,
				2CE5E28F231398D70072F907 /* ViewController.swift in Sources */,
				2C72C25624D1753300EF9B94 /* ObservableObject.swift in Sources */,
				2C72C24424D16A0900EF9B94 /* ViewPropertyNavigationTypes.swift in Sources */,
				2C72C25824D1753A00EF9B94 /* Published.swift in Sources */,
				2C4E4D55234F1E1C0097F3D7 /* UIKitNavigationViews.swift in Sources */,
				2C85475324DBBF37004A3887 /* Rectangle.swift in Sources */,
				2C4E4D53234F1E1C0097F3D7 /* SwiftUIConstants.swift in Sources */,
				2C85475824DBBF93004A3887 /* TextField.swift in Sources */,
				2CE5E28B231398D70072F907 /* AppDelegate.swift in Sources */,
				2C72C24C24D16ACC00EF9B94 /* ViewPropertyInteractionTypes.swift in Sources */,
				2C605D4124D1248C0042BA5E /* ViewBuilder.swift in Sources */,
				2C72C24E24D174FA00EF9B94 /* StateTypes.swift in Sources */,
				2C85475124DBBF25004A3887 /* Divider.swift in Sources */,
				2C72C24624D16A1D00EF9B94 /* ViewPropertyViewTypes.swift in Sources */,
				2C85474D24DBBEF9004A3887 /* Color.swift in Sources */,
				2C72C24824D16A6100EF9B94 /* ViewPropertyTransitionTypes.swift in Sources */,
				2C9CCE82250B252400F40452 /* UIApplicationExtensions.swift in Sources */,
				2C845F9223CFFE6E00C02BC0 /* RPreviewProvider.swift in Sources */,
				2C9CCE81250B252400F40452 /* AutolayoutExtensions.swift in Sources */,
				7DDACEF223C40CC3007D2902 /* UIKitControls.swift in Sources */,
				2C72C24A24D16A8800EF9B94 /* ViewPropertyAnimationTypes.swift in Sources */,
				2C85473E24DA5A5B004A3887 /* VStack.swift in Sources */,
			);
			runOnlyForDeploymentPostprocessing = 0;
		};
		2CE5E299231398DA0072F907 /* Sources */ = {
			isa = PBXSourcesBuildPhase;
			buildActionMask = 2147483647;
			files = (
				2CE5E2A2231398DA0072F907 /* AltSwiftUITests.swift in Sources */,
			);
			runOnlyForDeploymentPostprocessing = 0;
		};
		2CE5E2A4231398DA0072F907 /* Sources */ = {
			isa = PBXSourcesBuildPhase;
			buildActionMask = 2147483647;
			files = (
				2CE5E2AD231398DA0072F907 /* AltSwiftUIUITests.swift in Sources */,
			);
			runOnlyForDeploymentPostprocessing = 0;
		};
/* End PBXSourcesBuildPhase section */

/* Begin PBXTargetDependency section */
		2CE5E29F231398DA0072F907 /* PBXTargetDependency */ = {
			isa = PBXTargetDependency;
			target = 2CE5E286231398D70072F907 /* AltSwiftUI */;
			targetProxy = 2CE5E29E231398DA0072F907 /* PBXContainerItemProxy */;
		};
		2CE5E2AA231398DA0072F907 /* PBXTargetDependency */ = {
			isa = PBXTargetDependency;
			target = 2CE5E286231398D70072F907 /* AltSwiftUI */;
			targetProxy = 2CE5E2A9231398DA0072F907 /* PBXContainerItemProxy */;
		};
/* End PBXTargetDependency section */

/* Begin PBXVariantGroup section */
		2CE5E290231398D70072F907 /* Main.storyboard */ = {
			isa = PBXVariantGroup;
			children = (
				2CE5E291231398D70072F907 /* Base */,
			);
			name = Main.storyboard;
			sourceTree = "<group>";
		};
		2CE5E295231398DA0072F907 /* LaunchScreen.storyboard */ = {
			isa = PBXVariantGroup;
			children = (
				2CE5E296231398DA0072F907 /* Base */,
			);
			name = LaunchScreen.storyboard;
			sourceTree = "<group>";
		};
/* End PBXVariantGroup section */

/* Begin XCBuildConfiguration section */
		2CE5E2AF231398DA0072F907 /* Debug */ = {
			isa = XCBuildConfiguration;
			buildSettings = {
				ALWAYS_SEARCH_USER_PATHS = NO;
				CLANG_ANALYZER_NONNULL = YES;
				CLANG_ANALYZER_NUMBER_OBJECT_CONVERSION = YES_AGGRESSIVE;
				CLANG_CXX_LANGUAGE_STANDARD = "gnu++14";
				CLANG_CXX_LIBRARY = "libc++";
				CLANG_ENABLE_MODULES = YES;
				CLANG_ENABLE_OBJC_ARC = YES;
				CLANG_ENABLE_OBJC_WEAK = YES;
				CLANG_WARN_BLOCK_CAPTURE_AUTORELEASING = YES;
				CLANG_WARN_BOOL_CONVERSION = YES;
				CLANG_WARN_COMMA = YES;
				CLANG_WARN_CONSTANT_CONVERSION = YES;
				CLANG_WARN_DEPRECATED_OBJC_IMPLEMENTATIONS = YES;
				CLANG_WARN_DIRECT_OBJC_ISA_USAGE = YES_ERROR;
				CLANG_WARN_DOCUMENTATION_COMMENTS = YES;
				CLANG_WARN_EMPTY_BODY = YES;
				CLANG_WARN_ENUM_CONVERSION = YES;
				CLANG_WARN_INFINITE_RECURSION = YES;
				CLANG_WARN_INT_CONVERSION = YES;
				CLANG_WARN_NON_LITERAL_NULL_CONVERSION = YES;
				CLANG_WARN_OBJC_IMPLICIT_RETAIN_SELF = YES;
				CLANG_WARN_OBJC_LITERAL_CONVERSION = YES;
				CLANG_WARN_OBJC_ROOT_CLASS = YES_ERROR;
				CLANG_WARN_QUOTED_INCLUDE_IN_FRAMEWORK_HEADER = YES;
				CLANG_WARN_RANGE_LOOP_ANALYSIS = YES;
				CLANG_WARN_STRICT_PROTOTYPES = YES;
				CLANG_WARN_SUSPICIOUS_MOVE = YES;
				CLANG_WARN_UNGUARDED_AVAILABILITY = YES_AGGRESSIVE;
				CLANG_WARN_UNREACHABLE_CODE = YES;
				CLANG_WARN__DUPLICATE_METHOD_MATCH = YES;
				COPY_PHASE_STRIP = NO;
				DEBUG_INFORMATION_FORMAT = dwarf;
				ENABLE_STRICT_OBJC_MSGSEND = YES;
				ENABLE_TESTABILITY = YES;
				GCC_C_LANGUAGE_STANDARD = gnu11;
				GCC_DYNAMIC_NO_PIC = NO;
				GCC_NO_COMMON_BLOCKS = YES;
				GCC_OPTIMIZATION_LEVEL = 0;
				GCC_PREPROCESSOR_DEFINITIONS = (
					"DEBUG=1",
					"$(inherited)",
				);
				GCC_WARN_64_TO_32_BIT_CONVERSION = YES;
				GCC_WARN_ABOUT_RETURN_TYPE = YES_ERROR;
				GCC_WARN_UNDECLARED_SELECTOR = YES;
				GCC_WARN_UNINITIALIZED_AUTOS = YES_AGGRESSIVE;
				GCC_WARN_UNUSED_FUNCTION = YES;
				GCC_WARN_UNUSED_VARIABLE = YES;
				IPHONEOS_DEPLOYMENT_TARGET = 11.0;
				MTL_ENABLE_DEBUG_INFO = INCLUDE_SOURCE;
				MTL_FAST_MATH = YES;
				ONLY_ACTIVE_ARCH = YES;
				SDKROOT = iphoneos;
				SWIFT_ACTIVE_COMPILATION_CONDITIONS = DEBUG;
				SWIFT_OPTIMIZATION_LEVEL = "-Onone";
			};
			name = Debug;
		};
		2CE5E2B0231398DA0072F907 /* Release */ = {
			isa = XCBuildConfiguration;
			buildSettings = {
				ALWAYS_SEARCH_USER_PATHS = NO;
				CLANG_ANALYZER_NONNULL = YES;
				CLANG_ANALYZER_NUMBER_OBJECT_CONVERSION = YES_AGGRESSIVE;
				CLANG_CXX_LANGUAGE_STANDARD = "gnu++14";
				CLANG_CXX_LIBRARY = "libc++";
				CLANG_ENABLE_MODULES = YES;
				CLANG_ENABLE_OBJC_ARC = YES;
				CLANG_ENABLE_OBJC_WEAK = YES;
				CLANG_WARN_BLOCK_CAPTURE_AUTORELEASING = YES;
				CLANG_WARN_BOOL_CONVERSION = YES;
				CLANG_WARN_COMMA = YES;
				CLANG_WARN_CONSTANT_CONVERSION = YES;
				CLANG_WARN_DEPRECATED_OBJC_IMPLEMENTATIONS = YES;
				CLANG_WARN_DIRECT_OBJC_ISA_USAGE = YES_ERROR;
				CLANG_WARN_DOCUMENTATION_COMMENTS = YES;
				CLANG_WARN_EMPTY_BODY = YES;
				CLANG_WARN_ENUM_CONVERSION = YES;
				CLANG_WARN_INFINITE_RECURSION = YES;
				CLANG_WARN_INT_CONVERSION = YES;
				CLANG_WARN_NON_LITERAL_NULL_CONVERSION = YES;
				CLANG_WARN_OBJC_IMPLICIT_RETAIN_SELF = YES;
				CLANG_WARN_OBJC_LITERAL_CONVERSION = YES;
				CLANG_WARN_OBJC_ROOT_CLASS = YES_ERROR;
				CLANG_WARN_QUOTED_INCLUDE_IN_FRAMEWORK_HEADER = YES;
				CLANG_WARN_RANGE_LOOP_ANALYSIS = YES;
				CLANG_WARN_STRICT_PROTOTYPES = YES;
				CLANG_WARN_SUSPICIOUS_MOVE = YES;
				CLANG_WARN_UNGUARDED_AVAILABILITY = YES_AGGRESSIVE;
				CLANG_WARN_UNREACHABLE_CODE = YES;
				CLANG_WARN__DUPLICATE_METHOD_MATCH = YES;
				COPY_PHASE_STRIP = NO;
				DEBUG_INFORMATION_FORMAT = "dwarf-with-dsym";
				ENABLE_NS_ASSERTIONS = NO;
				ENABLE_STRICT_OBJC_MSGSEND = YES;
				GCC_C_LANGUAGE_STANDARD = gnu11;
				GCC_NO_COMMON_BLOCKS = YES;
				GCC_WARN_64_TO_32_BIT_CONVERSION = YES;
				GCC_WARN_ABOUT_RETURN_TYPE = YES_ERROR;
				GCC_WARN_UNDECLARED_SELECTOR = YES;
				GCC_WARN_UNINITIALIZED_AUTOS = YES_AGGRESSIVE;
				GCC_WARN_UNUSED_FUNCTION = YES;
				GCC_WARN_UNUSED_VARIABLE = YES;
				IPHONEOS_DEPLOYMENT_TARGET = 11.0;
				MTL_ENABLE_DEBUG_INFO = NO;
				MTL_FAST_MATH = YES;
				SDKROOT = iphoneos;
				SWIFT_COMPILATION_MODE = wholemodule;
				SWIFT_OPTIMIZATION_LEVEL = "-O";
				VALIDATE_PRODUCT = YES;
			};
			name = Release;
		};
		2CE5E2B2231398DA0072F907 /* Debug */ = {
			isa = XCBuildConfiguration;
			buildSettings = {
				ASSETCATALOG_COMPILER_APPICON_NAME = AppIcon;
				CODE_SIGN_STYLE = Automatic;
				INFOPLIST_FILE = AltSwiftUI/Info.plist;
				IPHONEOS_DEPLOYMENT_TARGET = 11.0;
				LD_RUNPATH_SEARCH_PATHS = (
					"$(inherited)",
					"@executable_path/Frameworks",
				);
				PRODUCT_BUNDLE_IDENTIFIER = jp.co.rakuten.altSwiftUI;
				PRODUCT_NAME = "$(TARGET_NAME)";
				SWIFT_VERSION = 5.0;
				TARGETED_DEVICE_FAMILY = "1,2";
			};
			name = Debug;
		};
		2CE5E2B3231398DA0072F907 /* Release */ = {
			isa = XCBuildConfiguration;
			buildSettings = {
				ASSETCATALOG_COMPILER_APPICON_NAME = AppIcon;
				CODE_SIGN_STYLE = Automatic;
				INFOPLIST_FILE = AltSwiftUI/Info.plist;
				IPHONEOS_DEPLOYMENT_TARGET = 11.0;
				LD_RUNPATH_SEARCH_PATHS = (
					"$(inherited)",
					"@executable_path/Frameworks",
				);
				PRODUCT_BUNDLE_IDENTIFIER = jp.co.rakuten.altSwiftUI;
				PRODUCT_NAME = "$(TARGET_NAME)";
				SWIFT_VERSION = 5.0;
				TARGETED_DEVICE_FAMILY = "1,2";
			};
			name = Release;
		};
		2CE5E2B5231398DA0072F907 /* Debug */ = {
			isa = XCBuildConfiguration;
			buildSettings = {
				ALWAYS_EMBED_SWIFT_STANDARD_LIBRARIES = YES;
				BUNDLE_LOADER = "$(TEST_HOST)";
				CODE_SIGN_STYLE = Automatic;
				INFOPLIST_FILE = AltSwiftUITests/Info.plist;
				LD_RUNPATH_SEARCH_PATHS = (
					"$(inherited)",
					"@executable_path/Frameworks",
					"@loader_path/Frameworks",
				);
				PRODUCT_BUNDLE_IDENTIFIER = jp.co.rakuten.altSwiftUITests;
				PRODUCT_NAME = "$(TARGET_NAME)";
				SWIFT_VERSION = 5.0;
				TARGETED_DEVICE_FAMILY = "1,2";
				TEST_HOST = "$(BUILT_PRODUCTS_DIR)/AltSwiftUI.app/AltSwiftUI";
			};
			name = Debug;
		};
		2CE5E2B6231398DA0072F907 /* Release */ = {
			isa = XCBuildConfiguration;
			buildSettings = {
				ALWAYS_EMBED_SWIFT_STANDARD_LIBRARIES = YES;
				BUNDLE_LOADER = "$(TEST_HOST)";
				CODE_SIGN_STYLE = Automatic;
				INFOPLIST_FILE = AltSwiftUITests/Info.plist;
				LD_RUNPATH_SEARCH_PATHS = (
					"$(inherited)",
					"@executable_path/Frameworks",
					"@loader_path/Frameworks",
				);
				PRODUCT_BUNDLE_IDENTIFIER = jp.co.rakuten.altSwiftUITests;
				PRODUCT_NAME = "$(TARGET_NAME)";
				SWIFT_VERSION = 5.0;
				TARGETED_DEVICE_FAMILY = "1,2";
				TEST_HOST = "$(BUILT_PRODUCTS_DIR)/AltSwiftUI.app/AltSwiftUI";
			};
			name = Release;
		};
		2CE5E2B8231398DA0072F907 /* Debug */ = {
			isa = XCBuildConfiguration;
			buildSettings = {
				ALWAYS_EMBED_SWIFT_STANDARD_LIBRARIES = YES;
				CODE_SIGN_STYLE = Automatic;
				INFOPLIST_FILE = AltSwiftUIUITests/Info.plist;
				LD_RUNPATH_SEARCH_PATHS = (
					"$(inherited)",
					"@executable_path/Frameworks",
					"@loader_path/Frameworks",
				);
				PRODUCT_BUNDLE_IDENTIFIER = jp.co.rakuten.altSwiftUIUITests;
				PRODUCT_NAME = "$(TARGET_NAME)";
				SWIFT_VERSION = 5.0;
				TARGETED_DEVICE_FAMILY = "1,2";
				TEST_TARGET_NAME = AltSwiftUI;
			};
			name = Debug;
		};
		2CE5E2B9231398DA0072F907 /* Release */ = {
			isa = XCBuildConfiguration;
			buildSettings = {
				ALWAYS_EMBED_SWIFT_STANDARD_LIBRARIES = YES;
				CODE_SIGN_STYLE = Automatic;
				INFOPLIST_FILE = AltSwiftUIUITests/Info.plist;
				LD_RUNPATH_SEARCH_PATHS = (
					"$(inherited)",
					"@executable_path/Frameworks",
					"@loader_path/Frameworks",
				);
				PRODUCT_BUNDLE_IDENTIFIER = jp.co.rakuten.altSwiftUIUITests;
				PRODUCT_NAME = "$(TARGET_NAME)";
				SWIFT_VERSION = 5.0;
				TARGETED_DEVICE_FAMILY = "1,2";
				TEST_TARGET_NAME = AltSwiftUI;
			};
			name = Release;
		};
/* End XCBuildConfiguration section */

/* Begin XCConfigurationList section */
		2CE5E282231398D70072F907 /* Build configuration list for PBXProject "AltSwiftUI" */ = {
			isa = XCConfigurationList;
			buildConfigurations = (
				2CE5E2AF231398DA0072F907 /* Debug */,
				2CE5E2B0231398DA0072F907 /* Release */,
			);
			defaultConfigurationIsVisible = 0;
			defaultConfigurationName = Release;
		};
		2CE5E2B1231398DA0072F907 /* Build configuration list for PBXNativeTarget "AltSwiftUI" */ = {
			isa = XCConfigurationList;
			buildConfigurations = (
				2CE5E2B2231398DA0072F907 /* Debug */,
				2CE5E2B3231398DA0072F907 /* Release */,
			);
			defaultConfigurationIsVisible = 0;
			defaultConfigurationName = Release;
		};
		2CE5E2B4231398DA0072F907 /* Build configuration list for PBXNativeTarget "AltSwiftUITests" */ = {
			isa = XCConfigurationList;
			buildConfigurations = (
				2CE5E2B5231398DA0072F907 /* Debug */,
				2CE5E2B6231398DA0072F907 /* Release */,
			);
			defaultConfigurationIsVisible = 0;
			defaultConfigurationName = Release;
		};
		2CE5E2B7231398DA0072F907 /* Build configuration list for PBXNativeTarget "AltSwiftUIUITests" */ = {
			isa = XCConfigurationList;
			buildConfigurations = (
				2CE5E2B8231398DA0072F907 /* Debug */,
				2CE5E2B9231398DA0072F907 /* Release */,
			);
			defaultConfigurationIsVisible = 0;
			defaultConfigurationName = Release;
		};
/* End XCConfigurationList section */
	};
	rootObject = 2CE5E27F231398D70072F907 /* Project object */;
}
